// !$*UTF8*$!
{
	archiveVersion = 1;
	classes = {
	};
	objectVersion = 46;
	objects = {

/* Begin PBXBuildFile section */
		0BB90C23FAEA70C1A1EEED9E /* Pods_WoowaHanzo_iOS.framework in Frameworks */ = {isa = PBXBuildFile; fileRef = 729CE937F74A9B2CA2A628FB /* Pods_WoowaHanzo_iOS.framework */; };
		153176C94E24C36C69B6D61B /* Pods_WoowaHanzo_iOSTests.framework in Frameworks */ = {isa = PBXBuildFile; fileRef = 361CE3EE299CCCBC66875500 /* Pods_WoowaHanzo_iOSTests.framework */; };
		38EDC9A94F8AA0B458E0FAD3 /* Pods_WoowaHanzo_iOSUITests.framework in Frameworks */ = {isa = PBXBuildFile; fileRef = B1F64866749E63894066246D /* Pods_WoowaHanzo_iOSUITests.framework */; };
		9843974D1F38355100743B63 /* TagPage.storyboard in Resources */ = {isa = PBXBuildFile; fileRef = 9843974C1F38355100743B63 /* TagPage.storyboard */; };
		984397501F3835E800743B63 /* TagPageViewController.swift in Sources */ = {isa = PBXBuildFile; fileRef = 9843974F1F3835E800743B63 /* TagPageViewController.swift */; };
		984397521F38389100743B63 /* profile.png in Resources */ = {isa = PBXBuildFile; fileRef = 984397511F38389100743B63 /* profile.png */; };
		9843975D1F39704A00743B63 /* FirebaseModel.swift in Sources */ = {isa = PBXBuildFile; fileRef = 9843975C1F39704A00743B63 /* FirebaseModel.swift */; };
		984397601F397F6E00743B63 /* User.swift in Sources */ = {isa = PBXBuildFile; fileRef = 9843975F1F397F6E00743B63 /* User.swift */; };
		984397641F3ACD3200743B63 /* TagFilter.swift in Sources */ = {isa = PBXBuildFile; fileRef = 984397631F3ACD3200743B63 /* TagFilter.swift */; };
		984397A01F3C14A000743B63 /* TagView.swift in Sources */ = {isa = PBXBuildFile; fileRef = 9843979F1F3C14A000743B63 /* TagView.swift */; };
		984397A21F3C34B800743B63 /* StringExtension.swift in Sources */ = {isa = PBXBuildFile; fileRef = 984397A11F3C34B800743B63 /* StringExtension.swift */; };
		9854BF591F331203008FA337 /* AppDelegate.swift in Sources */ = {isa = PBXBuildFile; fileRef = 9854BF581F331203008FA337 /* AppDelegate.swift */; };
		9854BF5E1F331203008FA337 /* MainLayout.storyboard in Resources */ = {isa = PBXBuildFile; fileRef = 9854BF5C1F331203008FA337 /* MainLayout.storyboard */; };
		9854BF631F331203008FA337 /* LaunchScreen.storyboard in Resources */ = {isa = PBXBuildFile; fileRef = 9854BF611F331203008FA337 /* LaunchScreen.storyboard */; };
		9854BF6E1F331203008FA337 /* WoowaHanzo_iOSTests.swift in Sources */ = {isa = PBXBuildFile; fileRef = 9854BF6D1F331203008FA337 /* WoowaHanzo_iOSTests.swift */; };
		9854BF791F331203008FA337 /* WoowaHanzo_iOSUITests.swift in Sources */ = {isa = PBXBuildFile; fileRef = 9854BF781F331203008FA337 /* WoowaHanzo_iOSUITests.swift */; };
		9854BF981F3407CF008FA337 /* ReviewPostPageViewController.swift in Sources */ = {isa = PBXBuildFile; fileRef = 9854BF971F3407CF008FA337 /* ReviewPostPageViewController.swift */; };
		9854BF9B1F3407F1008FA337 /* MainPageViewController.swift in Sources */ = {isa = PBXBuildFile; fileRef = 9854BF9A1F3407F1008FA337 /* MainPageViewController.swift */; };
		9854BF9D1F3407FC008FA337 /* RankPageViewController.swift in Sources */ = {isa = PBXBuildFile; fileRef = 9854BF9C1F3407FC008FA337 /* RankPageViewController.swift */; };
		9854BF9F1F340806008FA337 /* MyPageViewController.swift in Sources */ = {isa = PBXBuildFile; fileRef = 9854BF9E1F340806008FA337 /* MyPageViewController.swift */; };
		9854BFA81F340ADE008FA337 /* ReivewPostPage.storyboard in Resources */ = {isa = PBXBuildFile; fileRef = 9854BFA71F340ADE008FA337 /* ReivewPostPage.storyboard */; };
		9854BFAA1F340AEF008FA337 /* RankPage.storyboard in Resources */ = {isa = PBXBuildFile; fileRef = 9854BFA91F340AEF008FA337 /* RankPage.storyboard */; };
		9854BFAC1F340AFC008FA337 /* MyPage.storyboard in Resources */ = {isa = PBXBuildFile; fileRef = 9854BFAB1F340AFC008FA337 /* MyPage.storyboard */; };
		9854BFAE1F340B4E008FA337 /* MainPage.storyboard in Resources */ = {isa = PBXBuildFile; fileRef = 9854BFAD1F340B4E008FA337 /* MainPage.storyboard */; };
		986C8B5F1F3AD59400FC42ED /* TagListView.swift in Sources */ = {isa = PBXBuildFile; fileRef = 986C8B5E1F3AD59400FC42ED /* TagListView.swift */; };
		98895BE91F4AA098000D1E15 /* TagPageView.swift in Sources */ = {isa = PBXBuildFile; fileRef = 98895BE81F4AA098000D1E15 /* TagPageView.swift */; };
		98895BEB1F4AEDDD000D1E15 /* TabBarControllerViewController.swift in Sources */ = {isa = PBXBuildFile; fileRef = 98895BEA1F4AEDDD000D1E15 /* TabBarControllerViewController.swift */; };
		98895BED1F4BB543000D1E15 /* RankModel.swift in Sources */ = {isa = PBXBuildFile; fileRef = 98895BEC1F4BB543000D1E15 /* RankModel.swift */; };
		98895BF11F4BC2E3000D1E15 /* RankListView.swift in Sources */ = {isa = PBXBuildFile; fileRef = 98895BF01F4BC2E3000D1E15 /* RankListView.swift */; };
		98895BF31F4C1589000D1E15 /* UserListView.swift in Sources */ = {isa = PBXBuildFile; fileRef = 98895BF21F4C1589000D1E15 /* UserListView.swift */; };
		98895BF51F4C1E7A000D1E15 /* TagListView2.swift in Sources */ = {isa = PBXBuildFile; fileRef = 98895BF41F4C1E7A000D1E15 /* TagListView2.swift */; };
		98895BF71F4D0E0D000D1E15 /* LikeButton.swift in Sources */ = {isa = PBXBuildFile; fileRef = 98895BF61F4D0E0D000D1E15 /* LikeButton.swift */; };
		988C70F41F4AD56E0044FEE0 /* TagResultTableViewCell.swift in Sources */ = {isa = PBXBuildFile; fileRef = 988C70F31F4AD56E0044FEE0 /* TagResultTableViewCell.swift */; };
		988C70F61F4BAFAC0044FEE0 /* TagUser.swift in Sources */ = {isa = PBXBuildFile; fileRef = 988C70F51F4BAFAC0044FEE0 /* TagUser.swift */; };
		988C713E1F4BF2BD0044FEE0 /* TagResultViewController.swift in Sources */ = {isa = PBXBuildFile; fileRef = 988C713D1F4BF2BD0044FEE0 /* TagResultViewController.swift */; };
		9894B7611F441F2E00DAB38E /* MyCollectionCell.swift in Sources */ = {isa = PBXBuildFile; fileRef = 9894B7601F441F2E00DAB38E /* MyCollectionCell.swift */; };
		9894B7631F4438FE00DAB38E /* add-square_318-121632.jpg in Resources */ = {isa = PBXBuildFile; fileRef = 9894B7621F4438FE00DAB38E /* add-square_318-121632.jpg */; };
		9894B76A1F457BAA00DAB38E /* NotoSans-Bold.ttf in Resources */ = {isa = PBXBuildFile; fileRef = 9894B7661F457BAA00DAB38E /* NotoSans-Bold.ttf */; };
		9894B76B1F457BAA00DAB38E /* NotoSans-Regular.ttf in Resources */ = {isa = PBXBuildFile; fileRef = 9894B7671F457BAA00DAB38E /* NotoSans-Regular.ttf */; };
		9894B76C1F457BAA00DAB38E /* NotoSansKR_Regular.woff in Resources */ = {isa = PBXBuildFile; fileRef = 9894B7681F457BAA00DAB38E /* NotoSansKR_Regular.woff */; };
		9894B76D1F457BAA00DAB38E /* NotoSansUI-Regular.ttf in Resources */ = {isa = PBXBuildFile; fileRef = 9894B7691F457BAA00DAB38E /* NotoSansUI-Regular.ttf */; };
		98C5637B1F3955180017E68A /* MainPageTableViewCell.swift in Sources */ = {isa = PBXBuildFile; fileRef = 98C5637A1F3955180017E68A /* MainPageTableViewCell.swift */; };
		98C563C21F39B69D0017E68A /* SearchPage.storyboard in Resources */ = {isa = PBXBuildFile; fileRef = 98C563C11F39B69D0017E68A /* SearchPage.storyboard */; };
		98C563C41F39B6AC0017E68A /* SearchViewController.swift in Sources */ = {isa = PBXBuildFile; fileRef = 98C563C31F39B6AC0017E68A /* SearchViewController.swift */; };
		98C563C91F39BD870017E68A /* Auth.storyboard in Resources */ = {isa = PBXBuildFile; fileRef = 98C563C81F39BD870017E68A /* Auth.storyboard */; };
		98C563CB1F39BD930017E68A /* LoginViewController.swift in Sources */ = {isa = PBXBuildFile; fileRef = 98C563CA1F39BD930017E68A /* LoginViewController.swift */; };
		98C563CD1F39BE310017E68A /* AuthModel.swift in Sources */ = {isa = PBXBuildFile; fileRef = 98C563CC1F39BE310017E68A /* AuthModel.swift */; };
		98C563CF1F39C3840017E68A /* RegisterViewController.swift in Sources */ = {isa = PBXBuildFile; fileRef = 98C563CE1F39C3840017E68A /* RegisterViewController.swift */; };
		98ECA3AB1F3D87530069DA87 /* baemin.png in Resources */ = {isa = PBXBuildFile; fileRef = 98ECA3AA1F3D87530069DA87 /* baemin.png */; };
		98ECA3AD1F4160AC0069DA87 /* TagCollectionViewCell.swift in Sources */ = {isa = PBXBuildFile; fileRef = 98ECA3AC1F4160AC0069DA87 /* TagCollectionViewCell.swift */; };
		98ECA3AF1F4160B70069DA87 /* FoodImageCollectionViewCell.swift in Sources */ = {isa = PBXBuildFile; fileRef = 98ECA3AE1F4160B70069DA87 /* FoodImageCollectionViewCell.swift */; };
		98ECA3B11F4180A00069DA87 /* CounterViewer.swift in Sources */ = {isa = PBXBuildFile; fileRef = 98ECA3B01F4180A00069DA87 /* CounterViewer.swift */; };
		98ECA42D1F440E570069DA87 /* DateExtension.swift in Sources */ = {isa = PBXBuildFile; fileRef = 98ECA42C1F440E570069DA87 /* DateExtension.swift */; };
		98ECA4381F4557990069DA87 /* icon.xcassets in Resources */ = {isa = PBXBuildFile; fileRef = 98ECA4371F4557990069DA87 /* icon.xcassets */; };
		98ECA43A1F4A95A90069DA87 /* GoogleService-Info.plist in Resources */ = {isa = PBXBuildFile; fileRef = 98ECA4391F4A95A90069DA87 /* GoogleService-Info.plist */; };
		98ECA4421F4ACDB60069DA87 /* TagResultFoodImageCollectionViewCell.swift in Sources */ = {isa = PBXBuildFile; fileRef = 98ECA4411F4ACDB60069DA87 /* TagResultFoodImageCollectionViewCell.swift */; };
		98FB4A241F4C16D800BDE5B2 /* icons8-Lock-50.png in Resources */ = {isa = PBXBuildFile; fileRef = 98FB4A231F4C16D800BDE5B2 /* icons8-Lock-50.png */; };
		98FB4A261F4C16DD00BDE5B2 /* icons8-User-50.png in Resources */ = {isa = PBXBuildFile; fileRef = 98FB4A251F4C16DD00BDE5B2 /* icons8-User-50.png */; };
		98FB4A281F4C174400BDE5B2 /* icons8-Message-50.png in Resources */ = {isa = PBXBuildFile; fileRef = 98FB4A271F4C174400BDE5B2 /* icons8-Message-50.png */; };
		98FB4A2A1F4C177000BDE5B2 /* icons8-Message-64.png in Resources */ = {isa = PBXBuildFile; fileRef = 98FB4A291F4C177000BDE5B2 /* icons8-Message-64.png */; };
		98FB4A2C1F4C179900BDE5B2 /* icons8-Email-64.png in Resources */ = {isa = PBXBuildFile; fileRef = 98FB4A2B1F4C179900BDE5B2 /* icons8-Email-64.png */; };
		98FB4A2E1F4C184300BDE5B2 /* icons8-Edit Property-64.png in Resources */ = {isa = PBXBuildFile; fileRef = 98FB4A2D1F4C184300BDE5B2 /* icons8-Edit Property-64.png */; };
/* End PBXBuildFile section */

/* Begin PBXContainerItemProxy section */
		9854BF6A1F331203008FA337 /* PBXContainerItemProxy */ = {
			isa = PBXContainerItemProxy;
			containerPortal = 9854BF4D1F331203008FA337 /* Project object */;
			proxyType = 1;
			remoteGlobalIDString = 9854BF541F331203008FA337;
			remoteInfo = WoowaHanzo_iOS;
		};
		9854BF751F331203008FA337 /* PBXContainerItemProxy */ = {
			isa = PBXContainerItemProxy;
			containerPortal = 9854BF4D1F331203008FA337 /* Project object */;
			proxyType = 1;
			remoteGlobalIDString = 9854BF541F331203008FA337;
			remoteInfo = WoowaHanzo_iOS;
		};
/* End PBXContainerItemProxy section */

/* Begin PBXFileReference section */
		361CE3EE299CCCBC66875500 /* Pods_WoowaHanzo_iOSTests.framework */ = {isa = PBXFileReference; explicitFileType = wrapper.framework; includeInIndex = 0; path = Pods_WoowaHanzo_iOSTests.framework; sourceTree = BUILT_PRODUCTS_DIR; };
		3869F7A31EF06B8A40C54185 /* Pods-WoowaHanzo_iOS.debug.xcconfig */ = {isa = PBXFileReference; includeInIndex = 1; lastKnownFileType = text.xcconfig; name = "Pods-WoowaHanzo_iOS.debug.xcconfig"; path = "Pods/Target Support Files/Pods-WoowaHanzo_iOS/Pods-WoowaHanzo_iOS.debug.xcconfig"; sourceTree = "<group>"; };
		661DCDC88C7CEB81148BE790 /* Pods-WoowaHanzo_iOSTests.debug.xcconfig */ = {isa = PBXFileReference; includeInIndex = 1; lastKnownFileType = text.xcconfig; name = "Pods-WoowaHanzo_iOSTests.debug.xcconfig"; path = "Pods/Target Support Files/Pods-WoowaHanzo_iOSTests/Pods-WoowaHanzo_iOSTests.debug.xcconfig"; sourceTree = "<group>"; };
		729CE937F74A9B2CA2A628FB /* Pods_WoowaHanzo_iOS.framework */ = {isa = PBXFileReference; explicitFileType = wrapper.framework; includeInIndex = 0; path = Pods_WoowaHanzo_iOS.framework; sourceTree = BUILT_PRODUCTS_DIR; };
		7AC066487BED01B1BE1B4C3A /* Pods-WoowaHanzo_iOSUITests.release.xcconfig */ = {isa = PBXFileReference; includeInIndex = 1; lastKnownFileType = text.xcconfig; name = "Pods-WoowaHanzo_iOSUITests.release.xcconfig"; path = "Pods/Target Support Files/Pods-WoowaHanzo_iOSUITests/Pods-WoowaHanzo_iOSUITests.release.xcconfig"; sourceTree = "<group>"; };
		9843974C1F38355100743B63 /* TagPage.storyboard */ = {isa = PBXFileReference; fileEncoding = 4; lastKnownFileType = file.storyboard; path = TagPage.storyboard; sourceTree = "<group>"; };
		9843974F1F3835E800743B63 /* TagPageViewController.swift */ = {isa = PBXFileReference; fileEncoding = 4; lastKnownFileType = sourcecode.swift; path = TagPageViewController.swift; sourceTree = "<group>"; };
		984397511F38389100743B63 /* profile.png */ = {isa = PBXFileReference; lastKnownFileType = image.png; path = profile.png; sourceTree = "<group>"; };
		9843975C1F39704A00743B63 /* FirebaseModel.swift */ = {isa = PBXFileReference; fileEncoding = 4; lastKnownFileType = sourcecode.swift; path = FirebaseModel.swift; sourceTree = "<group>"; };
		9843975F1F397F6E00743B63 /* User.swift */ = {isa = PBXFileReference; fileEncoding = 4; lastKnownFileType = sourcecode.swift; path = User.swift; sourceTree = "<group>"; };
		984397631F3ACD3200743B63 /* TagFilter.swift */ = {isa = PBXFileReference; fileEncoding = 4; lastKnownFileType = sourcecode.swift; path = TagFilter.swift; sourceTree = "<group>"; };
		9843979F1F3C14A000743B63 /* TagView.swift */ = {isa = PBXFileReference; fileEncoding = 4; lastKnownFileType = sourcecode.swift; path = TagView.swift; sourceTree = "<group>"; };
		984397A11F3C34B800743B63 /* StringExtension.swift */ = {isa = PBXFileReference; fileEncoding = 4; lastKnownFileType = sourcecode.swift; path = StringExtension.swift; sourceTree = "<group>"; };
		9854BF551F331203008FA337 /* WoowaHanzo_iOS.app */ = {isa = PBXFileReference; explicitFileType = wrapper.application; includeInIndex = 0; path = WoowaHanzo_iOS.app; sourceTree = BUILT_PRODUCTS_DIR; };
		9854BF581F331203008FA337 /* AppDelegate.swift */ = {isa = PBXFileReference; lastKnownFileType = sourcecode.swift; path = AppDelegate.swift; sourceTree = "<group>"; };
		9854BF5D1F331203008FA337 /* Base */ = {isa = PBXFileReference; lastKnownFileType = file.storyboard; name = Base; path = Base.lproj/MainLayout.storyboard; sourceTree = "<group>"; };
		9854BF621F331203008FA337 /* Base */ = {isa = PBXFileReference; lastKnownFileType = file.storyboard; name = Base; path = Base.lproj/LaunchScreen.storyboard; sourceTree = "<group>"; };
		9854BF641F331203008FA337 /* Info.plist */ = {isa = PBXFileReference; lastKnownFileType = text.plist.xml; path = Info.plist; sourceTree = "<group>"; };
		9854BF691F331203008FA337 /* WoowaHanzo_iOSTests.xctest */ = {isa = PBXFileReference; explicitFileType = wrapper.cfbundle; includeInIndex = 0; path = WoowaHanzo_iOSTests.xctest; sourceTree = BUILT_PRODUCTS_DIR; };
		9854BF6D1F331203008FA337 /* WoowaHanzo_iOSTests.swift */ = {isa = PBXFileReference; lastKnownFileType = sourcecode.swift; path = WoowaHanzo_iOSTests.swift; sourceTree = "<group>"; };
		9854BF6F1F331203008FA337 /* Info.plist */ = {isa = PBXFileReference; lastKnownFileType = text.plist.xml; path = Info.plist; sourceTree = "<group>"; };
		9854BF741F331203008FA337 /* WoowaHanzo_iOSUITests.xctest */ = {isa = PBXFileReference; explicitFileType = wrapper.cfbundle; includeInIndex = 0; path = WoowaHanzo_iOSUITests.xctest; sourceTree = BUILT_PRODUCTS_DIR; };
		9854BF781F331203008FA337 /* WoowaHanzo_iOSUITests.swift */ = {isa = PBXFileReference; lastKnownFileType = sourcecode.swift; path = WoowaHanzo_iOSUITests.swift; sourceTree = "<group>"; };
		9854BF7A1F331203008FA337 /* Info.plist */ = {isa = PBXFileReference; lastKnownFileType = text.plist.xml; path = Info.plist; sourceTree = "<group>"; };
		9854BF971F3407CF008FA337 /* ReviewPostPageViewController.swift */ = {isa = PBXFileReference; fileEncoding = 4; lastKnownFileType = sourcecode.swift; path = ReviewPostPageViewController.swift; sourceTree = "<group>"; };
		9854BF9A1F3407F1008FA337 /* MainPageViewController.swift */ = {isa = PBXFileReference; fileEncoding = 4; lastKnownFileType = sourcecode.swift; path = MainPageViewController.swift; sourceTree = "<group>"; };
		9854BF9C1F3407FC008FA337 /* RankPageViewController.swift */ = {isa = PBXFileReference; fileEncoding = 4; lastKnownFileType = sourcecode.swift; path = RankPageViewController.swift; sourceTree = "<group>"; };
		9854BF9E1F340806008FA337 /* MyPageViewController.swift */ = {isa = PBXFileReference; fileEncoding = 4; lastKnownFileType = sourcecode.swift; path = MyPageViewController.swift; sourceTree = "<group>"; };
		9854BFA71F340ADE008FA337 /* ReivewPostPage.storyboard */ = {isa = PBXFileReference; fileEncoding = 4; lastKnownFileType = file.storyboard; path = ReivewPostPage.storyboard; sourceTree = "<group>"; };
		9854BFA91F340AEF008FA337 /* RankPage.storyboard */ = {isa = PBXFileReference; fileEncoding = 4; lastKnownFileType = file.storyboard; path = RankPage.storyboard; sourceTree = "<group>"; };
		9854BFAB1F340AFC008FA337 /* MyPage.storyboard */ = {isa = PBXFileReference; fileEncoding = 4; lastKnownFileType = file.storyboard; path = MyPage.storyboard; sourceTree = "<group>"; };
		9854BFAD1F340B4E008FA337 /* MainPage.storyboard */ = {isa = PBXFileReference; fileEncoding = 4; lastKnownFileType = file.storyboard; path = MainPage.storyboard; sourceTree = "<group>"; };
		986C8B5E1F3AD59400FC42ED /* TagListView.swift */ = {isa = PBXFileReference; fileEncoding = 4; lastKnownFileType = sourcecode.swift; path = TagListView.swift; sourceTree = "<group>"; };
		98895BE81F4AA098000D1E15 /* TagPageView.swift */ = {isa = PBXFileReference; fileEncoding = 4; lastKnownFileType = sourcecode.swift; path = TagPageView.swift; sourceTree = "<group>"; };
		98895BEA1F4AEDDD000D1E15 /* TabBarControllerViewController.swift */ = {isa = PBXFileReference; fileEncoding = 4; lastKnownFileType = sourcecode.swift; path = TabBarControllerViewController.swift; sourceTree = "<group>"; };
		98895BEC1F4BB543000D1E15 /* RankModel.swift */ = {isa = PBXFileReference; fileEncoding = 4; lastKnownFileType = sourcecode.swift; path = RankModel.swift; sourceTree = "<group>"; };
		98895BF01F4BC2E3000D1E15 /* RankListView.swift */ = {isa = PBXFileReference; fileEncoding = 4; lastKnownFileType = sourcecode.swift; path = RankListView.swift; sourceTree = "<group>"; };
		98895BF21F4C1589000D1E15 /* UserListView.swift */ = {isa = PBXFileReference; fileEncoding = 4; lastKnownFileType = sourcecode.swift; path = UserListView.swift; sourceTree = "<group>"; };
		98895BF41F4C1E7A000D1E15 /* TagListView2.swift */ = {isa = PBXFileReference; fileEncoding = 4; lastKnownFileType = sourcecode.swift; path = TagListView2.swift; sourceTree = "<group>"; };
		98895BF61F4D0E0D000D1E15 /* LikeButton.swift */ = {isa = PBXFileReference; fileEncoding = 4; lastKnownFileType = sourcecode.swift; path = LikeButton.swift; sourceTree = "<group>"; };
		988C70F31F4AD56E0044FEE0 /* TagResultTableViewCell.swift */ = {isa = PBXFileReference; fileEncoding = 4; lastKnownFileType = sourcecode.swift; path = TagResultTableViewCell.swift; sourceTree = "<group>"; };
		988C70F51F4BAFAC0044FEE0 /* TagUser.swift */ = {isa = PBXFileReference; fileEncoding = 4; lastKnownFileType = sourcecode.swift; path = TagUser.swift; sourceTree = "<group>"; };
		988C713D1F4BF2BD0044FEE0 /* TagResultViewController.swift */ = {isa = PBXFileReference; fileEncoding = 4; lastKnownFileType = sourcecode.swift; path = TagResultViewController.swift; sourceTree = "<group>"; };
		9894B7601F441F2E00DAB38E /* MyCollectionCell.swift */ = {isa = PBXFileReference; fileEncoding = 4; lastKnownFileType = sourcecode.swift; path = MyCollectionCell.swift; sourceTree = "<group>"; };
		9894B7621F4438FE00DAB38E /* add-square_318-121632.jpg */ = {isa = PBXFileReference; lastKnownFileType = image.jpeg; path = "add-square_318-121632.jpg"; sourceTree = "<group>"; };
		9894B7661F457BAA00DAB38E /* NotoSans-Bold.ttf */ = {isa = PBXFileReference; lastKnownFileType = file; path = "NotoSans-Bold.ttf"; sourceTree = "<group>"; };
		9894B7671F457BAA00DAB38E /* NotoSans-Regular.ttf */ = {isa = PBXFileReference; lastKnownFileType = file; path = "NotoSans-Regular.ttf"; sourceTree = "<group>"; };
		9894B7681F457BAA00DAB38E /* NotoSansKR_Regular.woff */ = {isa = PBXFileReference; lastKnownFileType = file; path = NotoSansKR_Regular.woff; sourceTree = "<group>"; };
		9894B7691F457BAA00DAB38E /* NotoSansUI-Regular.ttf */ = {isa = PBXFileReference; lastKnownFileType = file; path = "NotoSansUI-Regular.ttf"; sourceTree = "<group>"; };
		98C5637A1F3955180017E68A /* MainPageTableViewCell.swift */ = {isa = PBXFileReference; fileEncoding = 4; lastKnownFileType = sourcecode.swift; path = MainPageTableViewCell.swift; sourceTree = "<group>"; };
		98C563C11F39B69D0017E68A /* SearchPage.storyboard */ = {isa = PBXFileReference; fileEncoding = 4; lastKnownFileType = file.storyboard; path = SearchPage.storyboard; sourceTree = "<group>"; };
		98C563C31F39B6AC0017E68A /* SearchViewController.swift */ = {isa = PBXFileReference; fileEncoding = 4; lastKnownFileType = sourcecode.swift; path = SearchViewController.swift; sourceTree = "<group>"; };
		98C563C81F39BD870017E68A /* Auth.storyboard */ = {isa = PBXFileReference; fileEncoding = 4; lastKnownFileType = file.storyboard; path = Auth.storyboard; sourceTree = "<group>"; };
		98C563CA1F39BD930017E68A /* LoginViewController.swift */ = {isa = PBXFileReference; fileEncoding = 4; lastKnownFileType = sourcecode.swift; path = LoginViewController.swift; sourceTree = "<group>"; };
		98C563CC1F39BE310017E68A /* AuthModel.swift */ = {isa = PBXFileReference; fileEncoding = 4; lastKnownFileType = sourcecode.swift; path = AuthModel.swift; sourceTree = "<group>"; };
		98C563CE1F39C3840017E68A /* RegisterViewController.swift */ = {isa = PBXFileReference; fileEncoding = 4; lastKnownFileType = sourcecode.swift; path = RegisterViewController.swift; sourceTree = "<group>"; };
		98ECA3AA1F3D87530069DA87 /* baemin.png */ = {isa = PBXFileReference; lastKnownFileType = image.png; path = baemin.png; sourceTree = "<group>"; };
		98ECA3AC1F4160AC0069DA87 /* TagCollectionViewCell.swift */ = {isa = PBXFileReference; fileEncoding = 4; lastKnownFileType = sourcecode.swift; path = TagCollectionViewCell.swift; sourceTree = "<group>"; };
		98ECA3AE1F4160B70069DA87 /* FoodImageCollectionViewCell.swift */ = {isa = PBXFileReference; fileEncoding = 4; lastKnownFileType = sourcecode.swift; path = FoodImageCollectionViewCell.swift; sourceTree = "<group>"; };
		98ECA3B01F4180A00069DA87 /* CounterViewer.swift */ = {isa = PBXFileReference; fileEncoding = 4; lastKnownFileType = sourcecode.swift; path = CounterViewer.swift; sourceTree = "<group>"; };
		98ECA42C1F440E570069DA87 /* DateExtension.swift */ = {isa = PBXFileReference; fileEncoding = 4; lastKnownFileType = sourcecode.swift; path = DateExtension.swift; sourceTree = "<group>"; };
		98ECA4371F4557990069DA87 /* icon.xcassets */ = {isa = PBXFileReference; lastKnownFileType = folder.assetcatalog; path = icon.xcassets; sourceTree = "<group>"; };
		98ECA4391F4A95A90069DA87 /* GoogleService-Info.plist */ = {isa = PBXFileReference; fileEncoding = 4; lastKnownFileType = text.plist.xml; path = "GoogleService-Info.plist"; sourceTree = "<group>"; };
		98ECA4411F4ACDB60069DA87 /* TagResultFoodImageCollectionViewCell.swift */ = {isa = PBXFileReference; fileEncoding = 4; lastKnownFileType = sourcecode.swift; path = TagResultFoodImageCollectionViewCell.swift; sourceTree = "<group>"; };
		98FB4A231F4C16D800BDE5B2 /* icons8-Lock-50.png */ = {isa = PBXFileReference; lastKnownFileType = image.png; path = "icons8-Lock-50.png"; sourceTree = "<group>"; };
		98FB4A251F4C16DD00BDE5B2 /* icons8-User-50.png */ = {isa = PBXFileReference; lastKnownFileType = image.png; path = "icons8-User-50.png"; sourceTree = "<group>"; };
		98FB4A271F4C174400BDE5B2 /* icons8-Message-50.png */ = {isa = PBXFileReference; lastKnownFileType = image.png; path = "icons8-Message-50.png"; sourceTree = "<group>"; };
		98FB4A291F4C177000BDE5B2 /* icons8-Message-64.png */ = {isa = PBXFileReference; lastKnownFileType = image.png; path = "icons8-Message-64.png"; sourceTree = "<group>"; };
		98FB4A2B1F4C179900BDE5B2 /* icons8-Email-64.png */ = {isa = PBXFileReference; lastKnownFileType = image.png; path = "icons8-Email-64.png"; sourceTree = "<group>"; };
		98FB4A2D1F4C184300BDE5B2 /* icons8-Edit Property-64.png */ = {isa = PBXFileReference; lastKnownFileType = image.png; path = "icons8-Edit Property-64.png"; sourceTree = "<group>"; };
		B1F64866749E63894066246D /* Pods_WoowaHanzo_iOSUITests.framework */ = {isa = PBXFileReference; explicitFileType = wrapper.framework; includeInIndex = 0; path = Pods_WoowaHanzo_iOSUITests.framework; sourceTree = BUILT_PRODUCTS_DIR; };
		B9025DB6C60E4ACC8554AB0B /* Pods-WoowaHanzo_iOS.release.xcconfig */ = {isa = PBXFileReference; includeInIndex = 1; lastKnownFileType = text.xcconfig; name = "Pods-WoowaHanzo_iOS.release.xcconfig"; path = "Pods/Target Support Files/Pods-WoowaHanzo_iOS/Pods-WoowaHanzo_iOS.release.xcconfig"; sourceTree = "<group>"; };
		E39D9BBE4AAB04D908A0206E /* Pods-WoowaHanzo_iOSTests.release.xcconfig */ = {isa = PBXFileReference; includeInIndex = 1; lastKnownFileType = text.xcconfig; name = "Pods-WoowaHanzo_iOSTests.release.xcconfig"; path = "Pods/Target Support Files/Pods-WoowaHanzo_iOSTests/Pods-WoowaHanzo_iOSTests.release.xcconfig"; sourceTree = "<group>"; };
		EE568F740506D210823F1851 /* Pods-WoowaHanzo_iOSUITests.debug.xcconfig */ = {isa = PBXFileReference; includeInIndex = 1; lastKnownFileType = text.xcconfig; name = "Pods-WoowaHanzo_iOSUITests.debug.xcconfig"; path = "Pods/Target Support Files/Pods-WoowaHanzo_iOSUITests/Pods-WoowaHanzo_iOSUITests.debug.xcconfig"; sourceTree = "<group>"; };
/* End PBXFileReference section */

/* Begin PBXFrameworksBuildPhase section */
		9854BF521F331203008FA337 /* Frameworks */ = {
			isa = PBXFrameworksBuildPhase;
			buildActionMask = 2147483647;
			files = (
				0BB90C23FAEA70C1A1EEED9E /* Pods_WoowaHanzo_iOS.framework in Frameworks */,
			);
			runOnlyForDeploymentPostprocessing = 0;
		};
		9854BF661F331203008FA337 /* Frameworks */ = {
			isa = PBXFrameworksBuildPhase;
			buildActionMask = 2147483647;
			files = (
				153176C94E24C36C69B6D61B /* Pods_WoowaHanzo_iOSTests.framework in Frameworks */,
			);
			runOnlyForDeploymentPostprocessing = 0;
		};
		9854BF711F331203008FA337 /* Frameworks */ = {
			isa = PBXFrameworksBuildPhase;
			buildActionMask = 2147483647;
			files = (
				38EDC9A94F8AA0B458E0FAD3 /* Pods_WoowaHanzo_iOSUITests.framework in Frameworks */,
			);
			runOnlyForDeploymentPostprocessing = 0;
		};
/* End PBXFrameworksBuildPhase section */

/* Begin PBXGroup section */
		882525F040396C8878E81729 /* Pods */ = {
			isa = PBXGroup;
			children = (
				3869F7A31EF06B8A40C54185 /* Pods-WoowaHanzo_iOS.debug.xcconfig */,
				B9025DB6C60E4ACC8554AB0B /* Pods-WoowaHanzo_iOS.release.xcconfig */,
				661DCDC88C7CEB81148BE790 /* Pods-WoowaHanzo_iOSTests.debug.xcconfig */,
				E39D9BBE4AAB04D908A0206E /* Pods-WoowaHanzo_iOSTests.release.xcconfig */,
				EE568F740506D210823F1851 /* Pods-WoowaHanzo_iOSUITests.debug.xcconfig */,
				7AC066487BED01B1BE1B4C3A /* Pods-WoowaHanzo_iOSUITests.release.xcconfig */,
			);
			name = Pods;
			sourceTree = "<group>";
		};
		9843974E1F38357300743B63 /* TagPage */ = {
			isa = PBXGroup;
			children = (
				9843974C1F38355100743B63 /* TagPage.storyboard */,
				9843974F1F3835E800743B63 /* TagPageViewController.swift */,
				98895BE81F4AA098000D1E15 /* TagPageView.swift */,
				988C713D1F4BF2BD0044FEE0 /* TagResultViewController.swift */,
				988C70F31F4AD56E0044FEE0 /* TagResultTableViewCell.swift */,
				98ECA4411F4ACDB60069DA87 /* TagResultFoodImageCollectionViewCell.swift */,
			);
			name = TagPage;
			sourceTree = "<group>";
		};
		9854BF4C1F331203008FA337 = {
			isa = PBXGroup;
			children = (
				9854BF571F331203008FA337 /* WoowaHanzo_iOS */,
				9854BF6C1F331203008FA337 /* WoowaHanzo_iOSTests */,
				9854BF771F331203008FA337 /* WoowaHanzo_iOSUITests */,
				9854BF561F331203008FA337 /* Products */,
				882525F040396C8878E81729 /* Pods */,
				E800EC62239692DC5E6FD99A /* Frameworks */,
			);
			sourceTree = "<group>";
		};
		9854BF561F331203008FA337 /* Products */ = {
			isa = PBXGroup;
			children = (
				9854BF551F331203008FA337 /* WoowaHanzo_iOS.app */,
				9854BF691F331203008FA337 /* WoowaHanzo_iOSTests.xctest */,
				9854BF741F331203008FA337 /* WoowaHanzo_iOSUITests.xctest */,
			);
			name = Products;
			sourceTree = "<group>";
		};
		9854BF571F331203008FA337 /* WoowaHanzo_iOS */ = {
			isa = PBXGroup;
			children = (
				9894B7651F457B9300DAB38E /* fonts */,
				98ECA3AA1F3D87530069DA87 /* baemin.png */,
				98FB4A271F4C174400BDE5B2 /* icons8-Message-50.png */,
				98FB4A2B1F4C179900BDE5B2 /* icons8-Email-64.png */,
				98FB4A2D1F4C184300BDE5B2 /* icons8-Edit Property-64.png */,
				98FB4A231F4C16D800BDE5B2 /* icons8-Lock-50.png */,
				98FB4A291F4C177000BDE5B2 /* icons8-Message-64.png */,
				98FB4A251F4C16DD00BDE5B2 /* icons8-User-50.png */,
				98C563C71F39BD720017E68A /* LoginPage */,
				98C563C61F39B73D0017E68A /* firebase */,
				98C563C01F39B6830017E68A /* SearchPage */,
				9854BF881F340213008FA337 /* MainLayout */,
				9854BF891F340223008FA337 /* MainPage */,
				9843974E1F38357300743B63 /* TagPage */,
				9854BF8A1F34022D008FA337 /* ReviewPostPage */,
				9854BF8D1F340454008FA337 /* RankPage */,
				9854BF901F3404A3008FA337 /* MyPage */,
				9854BF581F331203008FA337 /* AppDelegate.swift */,
				9854BF611F331203008FA337 /* LaunchScreen.storyboard */,
				98ECA4391F4A95A90069DA87 /* GoogleService-Info.plist */,
				9854BF641F331203008FA337 /* Info.plist */,
				984397A11F3C34B800743B63 /* StringExtension.swift */,
				98ECA4371F4557990069DA87 /* icon.xcassets */,
			);
			path = WoowaHanzo_iOS;
			sourceTree = "<group>";
		};
		9854BF6C1F331203008FA337 /* WoowaHanzo_iOSTests */ = {
			isa = PBXGroup;
			children = (
				9854BF6D1F331203008FA337 /* WoowaHanzo_iOSTests.swift */,
				9854BF6F1F331203008FA337 /* Info.plist */,
			);
			path = WoowaHanzo_iOSTests;
			sourceTree = "<group>";
		};
		9854BF771F331203008FA337 /* WoowaHanzo_iOSUITests */ = {
			isa = PBXGroup;
			children = (
				9854BF781F331203008FA337 /* WoowaHanzo_iOSUITests.swift */,
				9854BF7A1F331203008FA337 /* Info.plist */,
			);
			path = WoowaHanzo_iOSUITests;
			sourceTree = "<group>";
		};
		9854BF881F340213008FA337 /* MainLayout */ = {
			isa = PBXGroup;
			children = (
				9854BF5C1F331203008FA337 /* MainLayout.storyboard */,
				98895BEA1F4AEDDD000D1E15 /* TabBarControllerViewController.swift */,
			);
			name = MainLayout;
			sourceTree = "<group>";
		};
		9854BF891F340223008FA337 /* MainPage */ = {
			isa = PBXGroup;
			children = (
				9854BFAD1F340B4E008FA337 /* MainPage.storyboard */,
				9854BF9A1F3407F1008FA337 /* MainPageViewController.swift */,
				98C5637A1F3955180017E68A /* MainPageTableViewCell.swift */,
				986C8B5E1F3AD59400FC42ED /* TagListView.swift */,
				98ECA3AC1F4160AC0069DA87 /* TagCollectionViewCell.swift */,
				98ECA3AE1F4160B70069DA87 /* FoodImageCollectionViewCell.swift */,
				98ECA3B01F4180A00069DA87 /* CounterViewer.swift */,
				98ECA42C1F440E570069DA87 /* DateExtension.swift */,
				98895BF21F4C1589000D1E15 /* UserListView.swift */,
				98895BF41F4C1E7A000D1E15 /* TagListView2.swift */,
				98895BF61F4D0E0D000D1E15 /* LikeButton.swift */,
			);
			name = MainPage;
			sourceTree = "<group>";
		};
		9854BF8A1F34022D008FA337 /* ReviewPostPage */ = {
			isa = PBXGroup;
			children = (
				9894B7621F4438FE00DAB38E /* add-square_318-121632.jpg */,
				984397511F38389100743B63 /* profile.png */,
				9854BFA71F340ADE008FA337 /* ReivewPostPage.storyboard */,
				9854BF971F3407CF008FA337 /* ReviewPostPageViewController.swift */,
				984397631F3ACD3200743B63 /* TagFilter.swift */,
				9843979F1F3C14A000743B63 /* TagView.swift */,
				9894B7601F441F2E00DAB38E /* MyCollectionCell.swift */,
			);
			name = ReviewPostPage;
			sourceTree = "<group>";
		};
		9854BF8D1F340454008FA337 /* RankPage */ = {
			isa = PBXGroup;
			children = (
				9854BFA91F340AEF008FA337 /* RankPage.storyboard */,
				9854BF9C1F3407FC008FA337 /* RankPageViewController.swift */,
				98895BEC1F4BB543000D1E15 /* RankModel.swift */,
				98895BF01F4BC2E3000D1E15 /* RankListView.swift */,
			);
			name = RankPage;
			sourceTree = "<group>";
		};
		9854BF901F3404A3008FA337 /* MyPage */ = {
			isa = PBXGroup;
			children = (
				9854BFAB1F340AFC008FA337 /* MyPage.storyboard */,
				9854BF9E1F340806008FA337 /* MyPageViewController.swift */,
			);
			name = MyPage;
			sourceTree = "<group>";
		};
		9894B7651F457B9300DAB38E /* fonts */ = {
			isa = PBXGroup;
			children = (
				9894B7661F457BAA00DAB38E /* NotoSans-Bold.ttf */,
				9894B7671F457BAA00DAB38E /* NotoSans-Regular.ttf */,
				9894B7681F457BAA00DAB38E /* NotoSansKR_Regular.woff */,
				9894B7691F457BAA00DAB38E /* NotoSansUI-Regular.ttf */,
			);
			name = fonts;
			sourceTree = "<group>";
		};
		98C563C01F39B6830017E68A /* SearchPage */ = {
			isa = PBXGroup;
			children = (
				98C563C11F39B69D0017E68A /* SearchPage.storyboard */,
				98C563C31F39B6AC0017E68A /* SearchViewController.swift */,
			);
			name = SearchPage;
			path = ..;
			sourceTree = "<group>";
		};
		98C563C61F39B73D0017E68A /* firebase */ = {
			isa = PBXGroup;
			children = (
				9843975C1F39704A00743B63 /* FirebaseModel.swift */,
				9843975F1F397F6E00743B63 /* User.swift */,
				988C70F51F4BAFAC0044FEE0 /* TagUser.swift */,
			);
			name = firebase;
			sourceTree = "<group>";
		};
		98C563C71F39BD720017E68A /* LoginPage */ = {
			isa = PBXGroup;
			children = (
				98C563C81F39BD870017E68A /* Auth.storyboard */,
				98C563CA1F39BD930017E68A /* LoginViewController.swift */,
				98C563CC1F39BE310017E68A /* AuthModel.swift */,
				98C563CE1F39C3840017E68A /* RegisterViewController.swift */,
			);
			name = LoginPage;
			sourceTree = "<group>";
		};
		E800EC62239692DC5E6FD99A /* Frameworks */ = {
			isa = PBXGroup;
			children = (
				729CE937F74A9B2CA2A628FB /* Pods_WoowaHanzo_iOS.framework */,
				361CE3EE299CCCBC66875500 /* Pods_WoowaHanzo_iOSTests.framework */,
				B1F64866749E63894066246D /* Pods_WoowaHanzo_iOSUITests.framework */,
			);
			name = Frameworks;
			sourceTree = "<group>";
		};
/* End PBXGroup section */

/* Begin PBXNativeTarget section */
		9854BF541F331203008FA337 /* WoowaHanzo_iOS */ = {
			isa = PBXNativeTarget;
			buildConfigurationList = 9854BF7D1F331203008FA337 /* Build configuration list for PBXNativeTarget "WoowaHanzo_iOS" */;
			buildPhases = (
				32FDA18FA777B3AA8CD91024 /* [CP] Check Pods Manifest.lock */,
				9854BF511F331203008FA337 /* Sources */,
				9854BF521F331203008FA337 /* Frameworks */,
				9854BF531F331203008FA337 /* Resources */,
				39F34445A00F15FE8835D683 /* [CP] Embed Pods Frameworks */,
				D847BC1F6365B3F71463B41F /* [CP] Copy Pods Resources */,
			);
			buildRules = (
			);
			dependencies = (
			);
			name = WoowaHanzo_iOS;
			productName = WoowaHanzo_iOS;
			productReference = 9854BF551F331203008FA337 /* WoowaHanzo_iOS.app */;
			productType = "com.apple.product-type.application";
		};
		9854BF681F331203008FA337 /* WoowaHanzo_iOSTests */ = {
			isa = PBXNativeTarget;
			buildConfigurationList = 9854BF801F331203008FA337 /* Build configuration list for PBXNativeTarget "WoowaHanzo_iOSTests" */;
			buildPhases = (
				624969DCFE519A5EF621A4C9 /* [CP] Check Pods Manifest.lock */,
				9854BF651F331203008FA337 /* Sources */,
				9854BF661F331203008FA337 /* Frameworks */,
				9854BF671F331203008FA337 /* Resources */,
				273F02E4EC7A57D0A784ABD6 /* [CP] Embed Pods Frameworks */,
				948F64B4DBBB9A1FB6CD79E7 /* [CP] Copy Pods Resources */,
			);
			buildRules = (
			);
			dependencies = (
				9854BF6B1F331203008FA337 /* PBXTargetDependency */,
			);
			name = WoowaHanzo_iOSTests;
			productName = WoowaHanzo_iOSTests;
			productReference = 9854BF691F331203008FA337 /* WoowaHanzo_iOSTests.xctest */;
			productType = "com.apple.product-type.bundle.unit-test";
		};
		9854BF731F331203008FA337 /* WoowaHanzo_iOSUITests */ = {
			isa = PBXNativeTarget;
			buildConfigurationList = 9854BF831F331203008FA337 /* Build configuration list for PBXNativeTarget "WoowaHanzo_iOSUITests" */;
			buildPhases = (
				B379E1F260596E36629A5345 /* [CP] Check Pods Manifest.lock */,
				9854BF701F331203008FA337 /* Sources */,
				9854BF711F331203008FA337 /* Frameworks */,
				9854BF721F331203008FA337 /* Resources */,
				0F17AFECAA13E4A7AF0FC05A /* [CP] Embed Pods Frameworks */,
				E9D940ADB8DE9D92D71459D8 /* [CP] Copy Pods Resources */,
			);
			buildRules = (
			);
			dependencies = (
				9854BF761F331203008FA337 /* PBXTargetDependency */,
			);
			name = WoowaHanzo_iOSUITests;
			productName = WoowaHanzo_iOSUITests;
			productReference = 9854BF741F331203008FA337 /* WoowaHanzo_iOSUITests.xctest */;
			productType = "com.apple.product-type.bundle.ui-testing";
		};
/* End PBXNativeTarget section */

/* Begin PBXProject section */
		9854BF4D1F331203008FA337 /* Project object */ = {
			isa = PBXProject;
			attributes = {
				LastSwiftUpdateCheck = 0830;
				LastUpgradeCheck = 0830;
				ORGANIZATIONNAME = woowabrothers_dain;
				TargetAttributes = {
					9854BF541F331203008FA337 = {
						CreatedOnToolsVersion = 8.3.3;
						DevelopmentTeam = B3PWYBKFUK;
						ProvisioningStyle = Automatic;
					};
					9854BF681F331203008FA337 = {
						CreatedOnToolsVersion = 8.3.3;
						ProvisioningStyle = Automatic;
						TestTargetID = 9854BF541F331203008FA337;
					};
					9854BF731F331203008FA337 = {
						CreatedOnToolsVersion = 8.3.3;
						ProvisioningStyle = Automatic;
						TestTargetID = 9854BF541F331203008FA337;
					};
				};
			};
			buildConfigurationList = 9854BF501F331203008FA337 /* Build configuration list for PBXProject "WoowaHanzo_iOS" */;
			compatibilityVersion = "Xcode 3.2";
			developmentRegion = English;
			hasScannedForEncodings = 0;
			knownRegions = (
				en,
				Base,
			);
			mainGroup = 9854BF4C1F331203008FA337;
			productRefGroup = 9854BF561F331203008FA337 /* Products */;
			projectDirPath = "";
			projectRoot = "";
			targets = (
				9854BF541F331203008FA337 /* WoowaHanzo_iOS */,
				9854BF681F331203008FA337 /* WoowaHanzo_iOSTests */,
				9854BF731F331203008FA337 /* WoowaHanzo_iOSUITests */,
			);
		};
/* End PBXProject section */

/* Begin PBXResourcesBuildPhase section */
		9854BF531F331203008FA337 /* Resources */ = {
			isa = PBXResourcesBuildPhase;
			buildActionMask = 2147483647;
			files = (
				9854BFAA1F340AEF008FA337 /* RankPage.storyboard in Resources */,
				9854BFA81F340ADE008FA337 /* ReivewPostPage.storyboard in Resources */,
				98FB4A241F4C16D800BDE5B2 /* icons8-Lock-50.png in Resources */,
				9843974D1F38355100743B63 /* TagPage.storyboard in Resources */,
				9894B76A1F457BAA00DAB38E /* NotoSans-Bold.ttf in Resources */,
				98FB4A2A1F4C177000BDE5B2 /* icons8-Message-64.png in Resources */,
				9894B76D1F457BAA00DAB38E /* NotoSansUI-Regular.ttf in Resources */,
				9894B76B1F457BAA00DAB38E /* NotoSans-Regular.ttf in Resources */,
				9854BFAE1F340B4E008FA337 /* MainPage.storyboard in Resources */,
				984397521F38389100743B63 /* profile.png in Resources */,
				98FB4A2C1F4C179900BDE5B2 /* icons8-Email-64.png in Resources */,
				9854BFAC1F340AFC008FA337 /* MyPage.storyboard in Resources */,
				98ECA3AB1F3D87530069DA87 /* baemin.png in Resources */,
				9894B76C1F457BAA00DAB38E /* NotoSansKR_Regular.woff in Resources */,
				98ECA43A1F4A95A90069DA87 /* GoogleService-Info.plist in Resources */,
				9854BF631F331203008FA337 /* LaunchScreen.storyboard in Resources */,
				98C563C91F39BD870017E68A /* Auth.storyboard in Resources */,
				98FB4A2E1F4C184300BDE5B2 /* icons8-Edit Property-64.png in Resources */,
				9894B7631F4438FE00DAB38E /* add-square_318-121632.jpg in Resources */,
				98FB4A281F4C174400BDE5B2 /* icons8-Message-50.png in Resources */,
				98C563C21F39B69D0017E68A /* SearchPage.storyboard in Resources */,
				98ECA4381F4557990069DA87 /* icon.xcassets in Resources */,
				9854BF5E1F331203008FA337 /* MainLayout.storyboard in Resources */,
				98FB4A261F4C16DD00BDE5B2 /* icons8-User-50.png in Resources */,
			);
			runOnlyForDeploymentPostprocessing = 0;
		};
		9854BF671F331203008FA337 /* Resources */ = {
			isa = PBXResourcesBuildPhase;
			buildActionMask = 2147483647;
			files = (
			);
			runOnlyForDeploymentPostprocessing = 0;
		};
		9854BF721F331203008FA337 /* Resources */ = {
			isa = PBXResourcesBuildPhase;
			buildActionMask = 2147483647;
			files = (
			);
			runOnlyForDeploymentPostprocessing = 0;
		};
/* End PBXResourcesBuildPhase section */

/* Begin PBXShellScriptBuildPhase section */
		0F17AFECAA13E4A7AF0FC05A /* [CP] Embed Pods Frameworks */ = {
			isa = PBXShellScriptBuildPhase;
			buildActionMask = 2147483647;
			files = (
			);
			inputPaths = (
			);
			name = "[CP] Embed Pods Frameworks";
			outputPaths = (
			);
			runOnlyForDeploymentPostprocessing = 0;
			shellPath = /bin/sh;
			shellScript = "\"${SRCROOT}/Pods/Target Support Files/Pods-WoowaHanzo_iOSUITests/Pods-WoowaHanzo_iOSUITests-frameworks.sh\"\n";
			showEnvVarsInLog = 0;
		};
		273F02E4EC7A57D0A784ABD6 /* [CP] Embed Pods Frameworks */ = {
			isa = PBXShellScriptBuildPhase;
			buildActionMask = 2147483647;
			files = (
			);
			inputPaths = (
			);
			name = "[CP] Embed Pods Frameworks";
			outputPaths = (
			);
			runOnlyForDeploymentPostprocessing = 0;
			shellPath = /bin/sh;
			shellScript = "\"${SRCROOT}/Pods/Target Support Files/Pods-WoowaHanzo_iOSTests/Pods-WoowaHanzo_iOSTests-frameworks.sh\"\n";
			showEnvVarsInLog = 0;
		};
		32FDA18FA777B3AA8CD91024 /* [CP] Check Pods Manifest.lock */ = {
			isa = PBXShellScriptBuildPhase;
			buildActionMask = 2147483647;
			files = (
			);
			inputPaths = (
			);
			name = "[CP] Check Pods Manifest.lock";
			outputPaths = (
			);
			runOnlyForDeploymentPostprocessing = 0;
			shellPath = /bin/sh;
			shellScript = "diff \"${PODS_PODFILE_DIR_PATH}/Podfile.lock\" \"${PODS_ROOT}/Manifest.lock\" > /dev/null\nif [ $? != 0 ] ; then\n    # print error to STDERR\n    echo \"error: The sandbox is not in sync with the Podfile.lock. Run 'pod install' or update your CocoaPods installation.\" >&2\n    exit 1\nfi\n";
			showEnvVarsInLog = 0;
		};
		39F34445A00F15FE8835D683 /* [CP] Embed Pods Frameworks */ = {
			isa = PBXShellScriptBuildPhase;
			buildActionMask = 2147483647;
			files = (
			);
			inputPaths = (
			);
			name = "[CP] Embed Pods Frameworks";
			outputPaths = (
			);
			runOnlyForDeploymentPostprocessing = 0;
			shellPath = /bin/sh;
			shellScript = "\"${SRCROOT}/Pods/Target Support Files/Pods-WoowaHanzo_iOS/Pods-WoowaHanzo_iOS-frameworks.sh\"\n";
			showEnvVarsInLog = 0;
		};
		624969DCFE519A5EF621A4C9 /* [CP] Check Pods Manifest.lock */ = {
			isa = PBXShellScriptBuildPhase;
			buildActionMask = 2147483647;
			files = (
			);
			inputPaths = (
			);
			name = "[CP] Check Pods Manifest.lock";
			outputPaths = (
			);
			runOnlyForDeploymentPostprocessing = 0;
			shellPath = /bin/sh;
			shellScript = "diff \"${PODS_PODFILE_DIR_PATH}/Podfile.lock\" \"${PODS_ROOT}/Manifest.lock\" > /dev/null\nif [ $? != 0 ] ; then\n    # print error to STDERR\n    echo \"error: The sandbox is not in sync with the Podfile.lock. Run 'pod install' or update your CocoaPods installation.\" >&2\n    exit 1\nfi\n";
			showEnvVarsInLog = 0;
		};
		948F64B4DBBB9A1FB6CD79E7 /* [CP] Copy Pods Resources */ = {
			isa = PBXShellScriptBuildPhase;
			buildActionMask = 2147483647;
			files = (
			);
			inputPaths = (
			);
			name = "[CP] Copy Pods Resources";
			outputPaths = (
			);
			runOnlyForDeploymentPostprocessing = 0;
			shellPath = /bin/sh;
			shellScript = "\"${SRCROOT}/Pods/Target Support Files/Pods-WoowaHanzo_iOSTests/Pods-WoowaHanzo_iOSTests-resources.sh\"\n";
			showEnvVarsInLog = 0;
		};
		B379E1F260596E36629A5345 /* [CP] Check Pods Manifest.lock */ = {
			isa = PBXShellScriptBuildPhase;
			buildActionMask = 2147483647;
			files = (
			);
			inputPaths = (
			);
			name = "[CP] Check Pods Manifest.lock";
			outputPaths = (
			);
			runOnlyForDeploymentPostprocessing = 0;
			shellPath = /bin/sh;
			shellScript = "diff \"${PODS_PODFILE_DIR_PATH}/Podfile.lock\" \"${PODS_ROOT}/Manifest.lock\" > /dev/null\nif [ $? != 0 ] ; then\n    # print error to STDERR\n    echo \"error: The sandbox is not in sync with the Podfile.lock. Run 'pod install' or update your CocoaPods installation.\" >&2\n    exit 1\nfi\n";
			showEnvVarsInLog = 0;
		};
		D847BC1F6365B3F71463B41F /* [CP] Copy Pods Resources */ = {
			isa = PBXShellScriptBuildPhase;
			buildActionMask = 2147483647;
			files = (
			);
			inputPaths = (
			);
			name = "[CP] Copy Pods Resources";
			outputPaths = (
			);
			runOnlyForDeploymentPostprocessing = 0;
			shellPath = /bin/sh;
			shellScript = "\"${SRCROOT}/Pods/Target Support Files/Pods-WoowaHanzo_iOS/Pods-WoowaHanzo_iOS-resources.sh\"\n";
			showEnvVarsInLog = 0;
		};
		E9D940ADB8DE9D92D71459D8 /* [CP] Copy Pods Resources */ = {
			isa = PBXShellScriptBuildPhase;
			buildActionMask = 2147483647;
			files = (
			);
			inputPaths = (
			);
			name = "[CP] Copy Pods Resources";
			outputPaths = (
			);
			runOnlyForDeploymentPostprocessing = 0;
			shellPath = /bin/sh;
			shellScript = "\"${SRCROOT}/Pods/Target Support Files/Pods-WoowaHanzo_iOSUITests/Pods-WoowaHanzo_iOSUITests-resources.sh\"\n";
			showEnvVarsInLog = 0;
		};
/* End PBXShellScriptBuildPhase section */

/* Begin PBXSourcesBuildPhase section */
		9854BF511F331203008FA337 /* Sources */ = {
			isa = PBXSourcesBuildPhase;
			buildActionMask = 2147483647;
			files = (
				98895BE91F4AA098000D1E15 /* TagPageView.swift in Sources */,
				98ECA3B11F4180A00069DA87 /* CounterViewer.swift in Sources */,
				98ECA42D1F440E570069DA87 /* DateExtension.swift in Sources */,
				9854BF9B1F3407F1008FA337 /* MainPageViewController.swift in Sources */,
				98C563CD1F39BE310017E68A /* AuthModel.swift in Sources */,
				98895BF11F4BC2E3000D1E15 /* RankListView.swift in Sources */,
				98ECA4421F4ACDB60069DA87 /* TagResultFoodImageCollectionViewCell.swift in Sources */,
				98895BF31F4C1589000D1E15 /* UserListView.swift in Sources */,
				984397641F3ACD3200743B63 /* TagFilter.swift in Sources */,
				98ECA3AD1F4160AC0069DA87 /* TagCollectionViewCell.swift in Sources */,
				9854BF9F1F340806008FA337 /* MyPageViewController.swift in Sources */,
				988C713E1F4BF2BD0044FEE0 /* TagResultViewController.swift in Sources */,
				988C70F41F4AD56E0044FEE0 /* TagResultTableViewCell.swift in Sources */,
				984397501F3835E800743B63 /* TagPageViewController.swift in Sources */,
				98C5637B1F3955180017E68A /* MainPageTableViewCell.swift in Sources */,
				98C563CF1F39C3840017E68A /* RegisterViewController.swift in Sources */,
				986C8B5F1F3AD59400FC42ED /* TagListView.swift in Sources */,
				98895BEB1F4AEDDD000D1E15 /* TabBarControllerViewController.swift in Sources */,
				98895BF51F4C1E7A000D1E15 /* TagListView2.swift in Sources */,
				9843975D1F39704A00743B63 /* FirebaseModel.swift in Sources */,
				984397A01F3C14A000743B63 /* TagView.swift in Sources */,
				98C563C41F39B6AC0017E68A /* SearchViewController.swift in Sources */,
				9854BF981F3407CF008FA337 /* ReviewPostPageViewController.swift in Sources */,
				9894B7611F441F2E00DAB38E /* MyCollectionCell.swift in Sources */,
				9854BF9D1F3407FC008FA337 /* RankPageViewController.swift in Sources */,
				98895BF71F4D0E0D000D1E15 /* LikeButton.swift in Sources */,
				9854BF591F331203008FA337 /* AppDelegate.swift in Sources */,
				98C563CB1F39BD930017E68A /* LoginViewController.swift in Sources */,
				984397A21F3C34B800743B63 /* StringExtension.swift in Sources */,
				98ECA3AF1F4160B70069DA87 /* FoodImageCollectionViewCell.swift in Sources */,
				984397601F397F6E00743B63 /* User.swift in Sources */,
				988C70F61F4BAFAC0044FEE0 /* TagUser.swift in Sources */,
				98895BED1F4BB543000D1E15 /* RankModel.swift in Sources */,
			);
			runOnlyForDeploymentPostprocessing = 0;
		};
		9854BF651F331203008FA337 /* Sources */ = {
			isa = PBXSourcesBuildPhase;
			buildActionMask = 2147483647;
			files = (
				9854BF6E1F331203008FA337 /* WoowaHanzo_iOSTests.swift in Sources */,
			);
			runOnlyForDeploymentPostprocessing = 0;
		};
		9854BF701F331203008FA337 /* Sources */ = {
			isa = PBXSourcesBuildPhase;
			buildActionMask = 2147483647;
			files = (
				9854BF791F331203008FA337 /* WoowaHanzo_iOSUITests.swift in Sources */,
			);
			runOnlyForDeploymentPostprocessing = 0;
		};
/* End PBXSourcesBuildPhase section */

/* Begin PBXTargetDependency section */
		9854BF6B1F331203008FA337 /* PBXTargetDependency */ = {
			isa = PBXTargetDependency;
			target = 9854BF541F331203008FA337 /* WoowaHanzo_iOS */;
			targetProxy = 9854BF6A1F331203008FA337 /* PBXContainerItemProxy */;
		};
		9854BF761F331203008FA337 /* PBXTargetDependency */ = {
			isa = PBXTargetDependency;
			target = 9854BF541F331203008FA337 /* WoowaHanzo_iOS */;
			targetProxy = 9854BF751F331203008FA337 /* PBXContainerItemProxy */;
		};
/* End PBXTargetDependency section */

/* Begin PBXVariantGroup section */
		9854BF5C1F331203008FA337 /* MainLayout.storyboard */ = {
			isa = PBXVariantGroup;
			children = (
				9854BF5D1F331203008FA337 /* Base */,
			);
			name = MainLayout.storyboard;
			sourceTree = "<group>";
		};
		9854BF611F331203008FA337 /* LaunchScreen.storyboard */ = {
			isa = PBXVariantGroup;
			children = (
				9854BF621F331203008FA337 /* Base */,
			);
			name = LaunchScreen.storyboard;
			sourceTree = "<group>";
		};
/* End PBXVariantGroup section */

/* Begin XCBuildConfiguration section */
		9854BF7B1F331203008FA337 /* Debug */ = {
			isa = XCBuildConfiguration;
			buildSettings = {
				ALWAYS_SEARCH_USER_PATHS = NO;
				CLANG_ANALYZER_NONNULL = YES;
				CLANG_ANALYZER_NUMBER_OBJECT_CONVERSION = YES_AGGRESSIVE;
				CLANG_CXX_LANGUAGE_STANDARD = "gnu++0x";
				CLANG_CXX_LIBRARY = "libc++";
				CLANG_ENABLE_MODULES = YES;
				CLANG_ENABLE_OBJC_ARC = YES;
				CLANG_WARN_BOOL_CONVERSION = YES;
				CLANG_WARN_CONSTANT_CONVERSION = YES;
				CLANG_WARN_DIRECT_OBJC_ISA_USAGE = YES_ERROR;
				CLANG_WARN_DOCUMENTATION_COMMENTS = YES;
				CLANG_WARN_EMPTY_BODY = YES;
				CLANG_WARN_ENUM_CONVERSION = YES;
				CLANG_WARN_INFINITE_RECURSION = YES;
				CLANG_WARN_INT_CONVERSION = YES;
				CLANG_WARN_OBJC_ROOT_CLASS = YES_ERROR;
				CLANG_WARN_SUSPICIOUS_MOVE = YES;
				CLANG_WARN_UNREACHABLE_CODE = YES;
				CLANG_WARN__DUPLICATE_METHOD_MATCH = YES;
				"CODE_SIGN_IDENTITY[sdk=iphoneos*]" = "iPhone Developer";
				COPY_PHASE_STRIP = NO;
				DEBUG_INFORMATION_FORMAT = dwarf;
				ENABLE_STRICT_OBJC_MSGSEND = YES;
				ENABLE_TESTABILITY = YES;
				GCC_C_LANGUAGE_STANDARD = gnu99;
				GCC_DYNAMIC_NO_PIC = NO;
				GCC_NO_COMMON_BLOCKS = YES;
				GCC_OPTIMIZATION_LEVEL = 0;
				GCC_PREPROCESSOR_DEFINITIONS = (
					"DEBUG=1",
					"$(inherited)",
				);
				GCC_WARN_64_TO_32_BIT_CONVERSION = YES;
				GCC_WARN_ABOUT_RETURN_TYPE = YES_ERROR;
				GCC_WARN_UNDECLARED_SELECTOR = YES;
				GCC_WARN_UNINITIALIZED_AUTOS = YES_AGGRESSIVE;
				GCC_WARN_UNUSED_FUNCTION = YES;
				GCC_WARN_UNUSED_VARIABLE = YES;
				IPHONEOS_DEPLOYMENT_TARGET = 10.3;
				MTL_ENABLE_DEBUG_INFO = YES;
				ONLY_ACTIVE_ARCH = YES;
				SDKROOT = iphoneos;
				SWIFT_ACTIVE_COMPILATION_CONDITIONS = DEBUG;
				SWIFT_OPTIMIZATION_LEVEL = "-Onone";
				TARGETED_DEVICE_FAMILY = "1,2";
			};
			name = Debug;
		};
		9854BF7C1F331203008FA337 /* Release */ = {
			isa = XCBuildConfiguration;
			buildSettings = {
				ALWAYS_SEARCH_USER_PATHS = NO;
				CLANG_ANALYZER_NONNULL = YES;
				CLANG_ANALYZER_NUMBER_OBJECT_CONVERSION = YES_AGGRESSIVE;
				CLANG_CXX_LANGUAGE_STANDARD = "gnu++0x";
				CLANG_CXX_LIBRARY = "libc++";
				CLANG_ENABLE_MODULES = YES;
				CLANG_ENABLE_OBJC_ARC = YES;
				CLANG_WARN_BOOL_CONVERSION = YES;
				CLANG_WARN_CONSTANT_CONVERSION = YES;
				CLANG_WARN_DIRECT_OBJC_ISA_USAGE = YES_ERROR;
				CLANG_WARN_DOCUMENTATION_COMMENTS = YES;
				CLANG_WARN_EMPTY_BODY = YES;
				CLANG_WARN_ENUM_CONVERSION = YES;
				CLANG_WARN_INFINITE_RECURSION = YES;
				CLANG_WARN_INT_CONVERSION = YES;
				CLANG_WARN_OBJC_ROOT_CLASS = YES_ERROR;
				CLANG_WARN_SUSPICIOUS_MOVE = YES;
				CLANG_WARN_UNREACHABLE_CODE = YES;
				CLANG_WARN__DUPLICATE_METHOD_MATCH = YES;
				"CODE_SIGN_IDENTITY[sdk=iphoneos*]" = "iPhone Developer";
				COPY_PHASE_STRIP = NO;
				DEBUG_INFORMATION_FORMAT = "dwarf-with-dsym";
				ENABLE_NS_ASSERTIONS = NO;
				ENABLE_STRICT_OBJC_MSGSEND = YES;
				GCC_C_LANGUAGE_STANDARD = gnu99;
				GCC_NO_COMMON_BLOCKS = YES;
				GCC_WARN_64_TO_32_BIT_CONVERSION = YES;
				GCC_WARN_ABOUT_RETURN_TYPE = YES_ERROR;
				GCC_WARN_UNDECLARED_SELECTOR = YES;
				GCC_WARN_UNINITIALIZED_AUTOS = YES_AGGRESSIVE;
				GCC_WARN_UNUSED_FUNCTION = YES;
				GCC_WARN_UNUSED_VARIABLE = YES;
				IPHONEOS_DEPLOYMENT_TARGET = 10.3;
				MTL_ENABLE_DEBUG_INFO = NO;
				SDKROOT = iphoneos;
				SWIFT_OPTIMIZATION_LEVEL = "-Owholemodule";
				TARGETED_DEVICE_FAMILY = "1,2";
				VALIDATE_PRODUCT = YES;
			};
			name = Release;
		};
		9854BF7E1F331203008FA337 /* Debug */ = {
			isa = XCBuildConfiguration;
			baseConfigurationReference = 3869F7A31EF06B8A40C54185 /* Pods-WoowaHanzo_iOS.debug.xcconfig */;
			buildSettings = {
				ASSETCATALOG_COMPILER_APPICON_NAME = AppIcon;
				DEVELOPMENT_TEAM = B3PWYBKFUK;
				INFOPLIST_FILE = WoowaHanzo_iOS/Info.plist;
				LD_RUNPATH_SEARCH_PATHS = "$(inherited) @executable_path/Frameworks";
				PRODUCT_BUNDLE_IDENTIFIER = "com.woowahan.WoowaHanzo-iOS";
				PRODUCT_NAME = "$(TARGET_NAME)";
				SWIFT_VERSION = 3.0;
			};
			name = Debug;
		};
		9854BF7F1F331203008FA337 /* Release */ = {
			isa = XCBuildConfiguration;
			baseConfigurationReference = B9025DB6C60E4ACC8554AB0B /* Pods-WoowaHanzo_iOS.release.xcconfig */;
			buildSettings = {
				ASSETCATALOG_COMPILER_APPICON_NAME = AppIcon;
				DEVELOPMENT_TEAM = B3PWYBKFUK;
				INFOPLIST_FILE = WoowaHanzo_iOS/Info.plist;
				LD_RUNPATH_SEARCH_PATHS = "$(inherited) @executable_path/Frameworks";
				PRODUCT_BUNDLE_IDENTIFIER = "com.woowahan.WoowaHanzo-iOS";
				PRODUCT_NAME = "$(TARGET_NAME)";
				SWIFT_VERSION = 3.0;
			};
			name = Release;
		};
		9854BF811F331203008FA337 /* Debug */ = {
			isa = XCBuildConfiguration;
			baseConfigurationReference = 661DCDC88C7CEB81148BE790 /* Pods-WoowaHanzo_iOSTests.debug.xcconfig */;
			buildSettings = {
				ALWAYS_EMBED_SWIFT_STANDARD_LIBRARIES = YES;
				BUNDLE_LOADER = "$(TEST_HOST)";
				INFOPLIST_FILE = WoowaHanzo_iOSTests/Info.plist;
				LD_RUNPATH_SEARCH_PATHS = "$(inherited) @executable_path/Frameworks @loader_path/Frameworks";
				PRODUCT_BUNDLE_IDENTIFIER = "com.woowahan.WoowaHanzo-iOSTests";
				PRODUCT_NAME = "$(TARGET_NAME)";
				SWIFT_VERSION = 3.0;
				TEST_HOST = "$(BUILT_PRODUCTS_DIR)/WoowaHanzo_iOS.app/WoowaHanzo_iOS";
			};
			name = Debug;
		};
		9854BF821F331203008FA337 /* Release */ = {
			isa = XCBuildConfiguration;
			baseConfigurationReference = E39D9BBE4AAB04D908A0206E /* Pods-WoowaHanzo_iOSTests.release.xcconfig */;
			buildSettings = {
				ALWAYS_EMBED_SWIFT_STANDARD_LIBRARIES = YES;
				BUNDLE_LOADER = "$(TEST_HOST)";
				INFOPLIST_FILE = WoowaHanzo_iOSTests/Info.plist;
				LD_RUNPATH_SEARCH_PATHS = "$(inherited) @executable_path/Frameworks @loader_path/Frameworks";
				PRODUCT_BUNDLE_IDENTIFIER = "com.woowahan.WoowaHanzo-iOSTests";
				PRODUCT_NAME = "$(TARGET_NAME)";
				SWIFT_VERSION = 3.0;
				TEST_HOST = "$(BUILT_PRODUCTS_DIR)/WoowaHanzo_iOS.app/WoowaHanzo_iOS";
			};
			name = Release;
		};
		9854BF841F331203008FA337 /* Debug */ = {
			isa = XCBuildConfiguration;
			baseConfigurationReference = EE568F740506D210823F1851 /* Pods-WoowaHanzo_iOSUITests.debug.xcconfig */;
			buildSettings = {
				ALWAYS_EMBED_SWIFT_STANDARD_LIBRARIES = YES;
				INFOPLIST_FILE = WoowaHanzo_iOSUITests/Info.plist;
				LD_RUNPATH_SEARCH_PATHS = "$(inherited) @executable_path/Frameworks @loader_path/Frameworks";
				PRODUCT_BUNDLE_IDENTIFIER = "com.woowahan.WoowaHanzo-iOSUITests";
				PRODUCT_NAME = "$(TARGET_NAME)";
				SWIFT_VERSION = 3.0;
				TEST_TARGET_NAME = WoowaHanzo_iOS;
			};
			name = Debug;
		};
		9854BF851F331203008FA337 /* Release */ = {
			isa = XCBuildConfiguration;
			baseConfigurationReference = 7AC066487BED01B1BE1B4C3A /* Pods-WoowaHanzo_iOSUITests.release.xcconfig */;
			buildSettings = {
				ALWAYS_EMBED_SWIFT_STANDARD_LIBRARIES = YES;
				INFOPLIST_FILE = WoowaHanzo_iOSUITests/Info.plist;
				LD_RUNPATH_SEARCH_PATHS = "$(inherited) @executable_path/Frameworks @loader_path/Frameworks";
				PRODUCT_BUNDLE_IDENTIFIER = "com.woowahan.WoowaHanzo-iOSUITests";
				PRODUCT_NAME = "$(TARGET_NAME)";
				SWIFT_VERSION = 3.0;
				TEST_TARGET_NAME = WoowaHanzo_iOS;
			};
			name = Release;
		};
/* End XCBuildConfiguration section */

/* Begin XCConfigurationList section */
		9854BF501F331203008FA337 /* Build configuration list for PBXProject "WoowaHanzo_iOS" */ = {
			isa = XCConfigurationList;
			buildConfigurations = (
				9854BF7B1F331203008FA337 /* Debug */,
				9854BF7C1F331203008FA337 /* Release */,
			);
			defaultConfigurationIsVisible = 0;
			defaultConfigurationName = Release;
		};
		9854BF7D1F331203008FA337 /* Build configuration list for PBXNativeTarget "WoowaHanzo_iOS" */ = {
			isa = XCConfigurationList;
			buildConfigurations = (
				9854BF7E1F331203008FA337 /* Debug */,
				9854BF7F1F331203008FA337 /* Release */,
			);
			defaultConfigurationIsVisible = 0;
			defaultConfigurationName = Release;
		};
		9854BF801F331203008FA337 /* Build configuration list for PBXNativeTarget "WoowaHanzo_iOSTests" */ = {
			isa = XCConfigurationList;
			buildConfigurations = (
				9854BF811F331203008FA337 /* Debug */,
				9854BF821F331203008FA337 /* Release */,
			);
			defaultConfigurationIsVisible = 0;
			defaultConfigurationName = Release;
		};
		9854BF831F331203008FA337 /* Build configuration list for PBXNativeTarget "WoowaHanzo_iOSUITests" */ = {
			isa = XCConfigurationList;
			buildConfigurations = (
				9854BF841F331203008FA337 /* Debug */,
				9854BF851F331203008FA337 /* Release */,
			);
			defaultConfigurationIsVisible = 0;
			defaultConfigurationName = Release;
		};
/* End XCConfigurationList section */
	};
	rootObject = 9854BF4D1F331203008FA337 /* Project object */;
}
