// !$*UTF8*$!
{
	archiveVersion = 1;
	classes = {
	};
	objectVersion = 46;
	objects = {

/* Begin PBXBuildFile section */
		3F10E2BA0BAF317FC7A4959C /* Pods_WoowaHanzo_iOSTests.framework in Frameworks */ = {isa = PBXBuildFile; fileRef = 909564EDFB812762707B73D3 /* Pods_WoowaHanzo_iOSTests.framework */; };
		46E28E67646E142540CAD262 /* Pods_WoowaHanzo_iOSUITests.framework in Frameworks */ = {isa = PBXBuildFile; fileRef = 0D5CC4370F12E290005AF3A4 /* Pods_WoowaHanzo_iOSUITests.framework */; };
		984950F81F331EDB000D1B9A /* Login.storyboard in Resources */ = {isa = PBXBuildFile; fileRef = 984950F71F331EDB000D1B9A /* Login.storyboard */; };
		9854BF591F331203008FA337 /* AppDelegate.swift in Sources */ = {isa = PBXBuildFile; fileRef = 9854BF581F331203008FA337 /* AppDelegate.swift */; };
		9854BF5B1F331203008FA337 /* ViewController.swift in Sources */ = {isa = PBXBuildFile; fileRef = 9854BF5A1F331203008FA337 /* ViewController.swift */; };
		9854BF5E1F331203008FA337 /* Main.storyboard in Resources */ = {isa = PBXBuildFile; fileRef = 9854BF5C1F331203008FA337 /* Main.storyboard */; };
		9854BF601F331203008FA337 /* Assets.xcassets in Resources */ = {isa = PBXBuildFile; fileRef = 9854BF5F1F331203008FA337 /* Assets.xcassets */; };
		9854BF631F331203008FA337 /* LaunchScreen.storyboard in Resources */ = {isa = PBXBuildFile; fileRef = 9854BF611F331203008FA337 /* LaunchScreen.storyboard */; };
		9854BF6E1F331203008FA337 /* WoowaHanzo_iOSTests.swift in Sources */ = {isa = PBXBuildFile; fileRef = 9854BF6D1F331203008FA337 /* WoowaHanzo_iOSTests.swift */; };
		9854BF791F331203008FA337 /* WoowaHanzo_iOSUITests.swift in Sources */ = {isa = PBXBuildFile; fileRef = 9854BF781F331203008FA337 /* WoowaHanzo_iOSUITests.swift */; };
		A7F8A18AE59B28D098A77634 /* Pods_WoowaHanzo_iOS.framework in Frameworks */ = {isa = PBXBuildFile; fileRef = 56D022C3C3B53C3AAFFF6E60 /* Pods_WoowaHanzo_iOS.framework */; };
/* End PBXBuildFile section */

/* Begin PBXContainerItemProxy section */
		9854BF6A1F331203008FA337 /* PBXContainerItemProxy */ = {
			isa = PBXContainerItemProxy;
			containerPortal = 9854BF4D1F331203008FA337 /* Project object */;
			proxyType = 1;
			remoteGlobalIDString = 9854BF541F331203008FA337;
			remoteInfo = WoowaHanzo_iOS;
		};
		9854BF751F331203008FA337 /* PBXContainerItemProxy */ = {
			isa = PBXContainerItemProxy;
			containerPortal = 9854BF4D1F331203008FA337 /* Project object */;
			proxyType = 1;
			remoteGlobalIDString = 9854BF541F331203008FA337;
			remoteInfo = WoowaHanzo_iOS;
		};
/* End PBXContainerItemProxy section */

/* Begin PBXFileReference section */
		0B66C3E68CA7DA50571A6329 /* Pods-WoowaHanzo_iOS.debug.xcconfig */ = {isa = PBXFileReference; includeInIndex = 1; lastKnownFileType = text.xcconfig; name = "Pods-WoowaHanzo_iOS.debug.xcconfig"; path = "Pods/Target Support Files/Pods-WoowaHanzo_iOS/Pods-WoowaHanzo_iOS.debug.xcconfig"; sourceTree = "<group>"; };
		0D5CC4370F12E290005AF3A4 /* Pods_WoowaHanzo_iOSUITests.framework */ = {isa = PBXFileReference; explicitFileType = wrapper.framework; includeInIndex = 0; path = Pods_WoowaHanzo_iOSUITests.framework; sourceTree = BUILT_PRODUCTS_DIR; };
		29454F81AD25365A8CE872A8 /* Pods-WoowaHanzo_iOSTests.debug.xcconfig */ = {isa = PBXFileReference; includeInIndex = 1; lastKnownFileType = text.xcconfig; name = "Pods-WoowaHanzo_iOSTests.debug.xcconfig"; path = "Pods/Target Support Files/Pods-WoowaHanzo_iOSTests/Pods-WoowaHanzo_iOSTests.debug.xcconfig"; sourceTree = "<group>"; };
		2ADA4EAEB6FEE122623B023E /* Pods-WoowaHanzo_iOSTests.release.xcconfig */ = {isa = PBXFileReference; includeInIndex = 1; lastKnownFileType = text.xcconfig; name = "Pods-WoowaHanzo_iOSTests.release.xcconfig"; path = "Pods/Target Support Files/Pods-WoowaHanzo_iOSTests/Pods-WoowaHanzo_iOSTests.release.xcconfig"; sourceTree = "<group>"; };
		3D458092094D3C53A4EE8E1B /* Pods-WoowaHanzo_iOSUITests.release.xcconfig */ = {isa = PBXFileReference; includeInIndex = 1; lastKnownFileType = text.xcconfig; name = "Pods-WoowaHanzo_iOSUITests.release.xcconfig"; path = "Pods/Target Support Files/Pods-WoowaHanzo_iOSUITests/Pods-WoowaHanzo_iOSUITests.release.xcconfig"; sourceTree = "<group>"; };
		56D022C3C3B53C3AAFFF6E60 /* Pods_WoowaHanzo_iOS.framework */ = {isa = PBXFileReference; explicitFileType = wrapper.framework; includeInIndex = 0; path = Pods_WoowaHanzo_iOS.framework; sourceTree = BUILT_PRODUCTS_DIR; };
		7B02C04E88C9EF0021B1E2A5 /* Pods-WoowaHanzo_iOS.release.xcconfig */ = {isa = PBXFileReference; includeInIndex = 1; lastKnownFileType = text.xcconfig; name = "Pods-WoowaHanzo_iOS.release.xcconfig"; path = "Pods/Target Support Files/Pods-WoowaHanzo_iOS/Pods-WoowaHanzo_iOS.release.xcconfig"; sourceTree = "<group>"; };
		909564EDFB812762707B73D3 /* Pods_WoowaHanzo_iOSTests.framework */ = {isa = PBXFileReference; explicitFileType = wrapper.framework; includeInIndex = 0; path = Pods_WoowaHanzo_iOSTests.framework; sourceTree = BUILT_PRODUCTS_DIR; };
		984950F71F331EDB000D1B9A /* Login.storyboard */ = {isa = PBXFileReference; fileEncoding = 4; lastKnownFileType = file.storyboard; path = Login.storyboard; sourceTree = "<group>"; };
		9854BF551F331203008FA337 /* WoowaHanzo_iOS.app */ = {isa = PBXFileReference; explicitFileType = wrapper.application; includeInIndex = 0; path = WoowaHanzo_iOS.app; sourceTree = BUILT_PRODUCTS_DIR; };
		9854BF581F331203008FA337 /* AppDelegate.swift */ = {isa = PBXFileReference; lastKnownFileType = sourcecode.swift; path = AppDelegate.swift; sourceTree = "<group>"; };
		9854BF5A1F331203008FA337 /* ViewController.swift */ = {isa = PBXFileReference; lastKnownFileType = sourcecode.swift; name = ViewController.swift; path = WoowaHanzo_iOS/ViewController.swift; sourceTree = "<group>"; };
		9854BF5D1F331203008FA337 /* Base */ = {isa = PBXFileReference; lastKnownFileType = file.storyboard; name = Base; path = Base.lproj/Main.storyboard; sourceTree = "<group>"; };
		9854BF5F1F331203008FA337 /* Assets.xcassets */ = {isa = PBXFileReference; lastKnownFileType = folder.assetcatalog; path = Assets.xcassets; sourceTree = "<group>"; };
		9854BF621F331203008FA337 /* Base */ = {isa = PBXFileReference; lastKnownFileType = file.storyboard; name = Base; path = Base.lproj/LaunchScreen.storyboard; sourceTree = "<group>"; };
		9854BF641F331203008FA337 /* Info.plist */ = {isa = PBXFileReference; lastKnownFileType = text.plist.xml; path = Info.plist; sourceTree = "<group>"; };
		9854BF691F331203008FA337 /* WoowaHanzo_iOSTests.xctest */ = {isa = PBXFileReference; explicitFileType = wrapper.cfbundle; includeInIndex = 0; path = WoowaHanzo_iOSTests.xctest; sourceTree = BUILT_PRODUCTS_DIR; };
		9854BF6D1F331203008FA337 /* WoowaHanzo_iOSTests.swift */ = {isa = PBXFileReference; lastKnownFileType = sourcecode.swift; path = WoowaHanzo_iOSTests.swift; sourceTree = "<group>"; };
		9854BF6F1F331203008FA337 /* Info.plist */ = {isa = PBXFileReference; lastKnownFileType = text.plist.xml; path = Info.plist; sourceTree = "<group>"; };
		9854BF741F331203008FA337 /* WoowaHanzo_iOSUITests.xctest */ = {isa = PBXFileReference; explicitFileType = wrapper.cfbundle; includeInIndex = 0; path = WoowaHanzo_iOSUITests.xctest; sourceTree = BUILT_PRODUCTS_DIR; };
		9854BF781F331203008FA337 /* WoowaHanzo_iOSUITests.swift */ = {isa = PBXFileReference; lastKnownFileType = sourcecode.swift; path = WoowaHanzo_iOSUITests.swift; sourceTree = "<group>"; };
		9854BF7A1F331203008FA337 /* Info.plist */ = {isa = PBXFileReference; lastKnownFileType = text.plist.xml; path = Info.plist; sourceTree = "<group>"; };
		E459D393C37B726F862674C0 /* Pods-WoowaHanzo_iOSUITests.debug.xcconfig */ = {isa = PBXFileReference; includeInIndex = 1; lastKnownFileType = text.xcconfig; name = "Pods-WoowaHanzo_iOSUITests.debug.xcconfig"; path = "Pods/Target Support Files/Pods-WoowaHanzo_iOSUITests/Pods-WoowaHanzo_iOSUITests.debug.xcconfig"; sourceTree = "<group>"; };
/* End PBXFileReference section */

/* Begin PBXFrameworksBuildPhase section */
		9854BF521F331203008FA337 /* Frameworks */ = {
			isa = PBXFrameworksBuildPhase;
			buildActionMask = 2147483647;
			files = (
				A7F8A18AE59B28D098A77634 /* Pods_WoowaHanzo_iOS.framework in Frameworks */,
			);
			runOnlyForDeploymentPostprocessing = 0;
		};
		9854BF661F331203008FA337 /* Frameworks */ = {
			isa = PBXFrameworksBuildPhase;
			buildActionMask = 2147483647;
			files = (
				3F10E2BA0BAF317FC7A4959C /* Pods_WoowaHanzo_iOSTests.framework in Frameworks */,
			);
			runOnlyForDeploymentPostprocessing = 0;
		};
		9854BF711F331203008FA337 /* Frameworks */ = {
			isa = PBXFrameworksBuildPhase;
			buildActionMask = 2147483647;
			files = (
				46E28E67646E142540CAD262 /* Pods_WoowaHanzo_iOSUITests.framework in Frameworks */,
			);
			runOnlyForDeploymentPostprocessing = 0;
		};
/* End PBXFrameworksBuildPhase section */

/* Begin PBXGroup section */
		22A7065FCF52D31968BCF705 /* Frameworks */ = {
			isa = PBXGroup;
			children = (
				56D022C3C3B53C3AAFFF6E60 /* Pods_WoowaHanzo_iOS.framework */,
				909564EDFB812762707B73D3 /* Pods_WoowaHanzo_iOSTests.framework */,
				0D5CC4370F12E290005AF3A4 /* Pods_WoowaHanzo_iOSUITests.framework */,
			);
			name = Frameworks;
			sourceTree = "<group>";
		};
		22F12074372DFC2AE14E3B09 /* Pods */ = {
			isa = PBXGroup;
			children = (
				0B66C3E68CA7DA50571A6329 /* Pods-WoowaHanzo_iOS.debug.xcconfig */,
				7B02C04E88C9EF0021B1E2A5 /* Pods-WoowaHanzo_iOS.release.xcconfig */,
				29454F81AD25365A8CE872A8 /* Pods-WoowaHanzo_iOSTests.debug.xcconfig */,
				2ADA4EAEB6FEE122623B023E /* Pods-WoowaHanzo_iOSTests.release.xcconfig */,
				E459D393C37B726F862674C0 /* Pods-WoowaHanzo_iOSUITests.debug.xcconfig */,
				3D458092094D3C53A4EE8E1B /* Pods-WoowaHanzo_iOSUITests.release.xcconfig */,
			);
			name = Pods;
			sourceTree = "<group>";
		};
		984950F91F331F11000D1B9A /* View */ = {
			isa = PBXGroup;
			children = (
				9854BF5C1F331203008FA337 /* Main.storyboard */,
				9854BF611F331203008FA337 /* LaunchScreen.storyboard */,
			);
			name = View;
			sourceTree = "<group>";
		};
		984950FA1F331F1B000D1B9A /* Controller */ = {
			isa = PBXGroup;
			children = (
				9854BF5A1F331203008FA337 /* ViewController.swift */,
			);
			name = Controller;
			sourceTree = "<group>";
		};
		984950FB1F331F37000D1B9A /* Model */ = {
			isa = PBXGroup;
			children = (
			);
			name = Model;
			sourceTree = "<group>";
		};
		9854BF4C1F331203008FA337 = {
			isa = PBXGroup;
			children = (
				984950FB1F331F37000D1B9A /* Model */,
				984950FA1F331F1B000D1B9A /* Controller */,
				984950F91F331F11000D1B9A /* View */,
				9854BF571F331203008FA337 /* WoowaHanzo_iOS */,
				9854BF6C1F331203008FA337 /* WoowaHanzo_iOSTests */,
				9854BF771F331203008FA337 /* WoowaHanzo_iOSUITests */,
				9854BF561F331203008FA337 /* Products */,
				22F12074372DFC2AE14E3B09 /* Pods */,
				22A7065FCF52D31968BCF705 /* Frameworks */,
			);
			sourceTree = "<group>";
		};
		9854BF561F331203008FA337 /* Products */ = {
			isa = PBXGroup;
			children = (
				9854BF551F331203008FA337 /* WoowaHanzo_iOS.app */,
				9854BF691F331203008FA337 /* WoowaHanzo_iOSTests.xctest */,
				9854BF741F331203008FA337 /* WoowaHanzo_iOSUITests.xctest */,
			);
			name = Products;
			sourceTree = "<group>";
		};
		9854BF571F331203008FA337 /* WoowaHanzo_iOS */ = {
			isa = PBXGroup;
			children = (
				9854BF581F331203008FA337 /* AppDelegate.swift */,
				9854BF5F1F331203008FA337 /* Assets.xcassets */,
				9854BF641F331203008FA337 /* Info.plist */,
				984950F71F331EDB000D1B9A /* Login.storyboard */,
			);
			path = WoowaHanzo_iOS;
			sourceTree = "<group>";
		};
		9854BF6C1F331203008FA337 /* WoowaHanzo_iOSTests */ = {
			isa = PBXGroup;
			children = (
				9854BF6D1F331203008FA337 /* WoowaHanzo_iOSTests.swift */,
				9854BF6F1F331203008FA337 /* Info.plist */,
			);
			path = WoowaHanzo_iOSTests;
			sourceTree = "<group>";
		};
		9854BF771F331203008FA337 /* WoowaHanzo_iOSUITests */ = {
			isa = PBXGroup;
			children = (
				9854BF781F331203008FA337 /* WoowaHanzo_iOSUITests.swift */,
				9854BF7A1F331203008FA337 /* Info.plist */,
			);
			path = WoowaHanzo_iOSUITests;
			sourceTree = "<group>";
		};
/* End PBXGroup section */

/* Begin PBXNativeTarget section */
		9854BF541F331203008FA337 /* WoowaHanzo_iOS */ = {
			isa = PBXNativeTarget;
			buildConfigurationList = 9854BF7D1F331203008FA337 /* Build configuration list for PBXNativeTarget "WoowaHanzo_iOS" */;
			buildPhases = (
				DE3653AAB17F16949CF83993 /* [CP] Check Pods Manifest.lock */,
				9854BF511F331203008FA337 /* Sources */,
				9854BF521F331203008FA337 /* Frameworks */,
				9854BF531F331203008FA337 /* Resources */,
				E7BDE5B05776F6434A00CC13 /* [CP] Embed Pods Frameworks */,
				2B3C0DFA104663D12C22C5B7 /* [CP] Copy Pods Resources */,
			);
			buildRules = (
			);
			dependencies = (
			);
			name = WoowaHanzo_iOS;
			productName = WoowaHanzo_iOS;
			productReference = 9854BF551F331203008FA337 /* WoowaHanzo_iOS.app */;
			productType = "com.apple.product-type.application";
		};
		9854BF681F331203008FA337 /* WoowaHanzo_iOSTests */ = {
			isa = PBXNativeTarget;
			buildConfigurationList = 9854BF801F331203008FA337 /* Build configuration list for PBXNativeTarget "WoowaHanzo_iOSTests" */;
			buildPhases = (
				85FEF8F40ED3032CF32D6C4C /* [CP] Check Pods Manifest.lock */,
				9854BF651F331203008FA337 /* Sources */,
				9854BF661F331203008FA337 /* Frameworks */,
				9854BF671F331203008FA337 /* Resources */,
				B67F107A0230F8F481249BB8 /* [CP] Embed Pods Frameworks */,
				EEBCDE39CCDBDCEC81D88C87 /* [CP] Copy Pods Resources */,
			);
			buildRules = (
			);
			dependencies = (
				9854BF6B1F331203008FA337 /* PBXTargetDependency */,
			);
			name = WoowaHanzo_iOSTests;
			productName = WoowaHanzo_iOSTests;
			productReference = 9854BF691F331203008FA337 /* WoowaHanzo_iOSTests.xctest */;
			productType = "com.apple.product-type.bundle.unit-test";
		};
		9854BF731F331203008FA337 /* WoowaHanzo_iOSUITests */ = {
			isa = PBXNativeTarget;
			buildConfigurationList = 9854BF831F331203008FA337 /* Build configuration list for PBXNativeTarget "WoowaHanzo_iOSUITests" */;
			buildPhases = (
				B636084C7CA11700F6DE686F /* [CP] Check Pods Manifest.lock */,
				9854BF701F331203008FA337 /* Sources */,
				9854BF711F331203008FA337 /* Frameworks */,
				9854BF721F331203008FA337 /* Resources */,
				167C42517DE9372803C0150C /* [CP] Embed Pods Frameworks */,
				CABC8012E44915B3A5BB4DE6 /* [CP] Copy Pods Resources */,
			);
			buildRules = (
			);
			dependencies = (
				9854BF761F331203008FA337 /* PBXTargetDependency */,
			);
			name = WoowaHanzo_iOSUITests;
			productName = WoowaHanzo_iOSUITests;
			productReference = 9854BF741F331203008FA337 /* WoowaHanzo_iOSUITests.xctest */;
			productType = "com.apple.product-type.bundle.ui-testing";
		};
/* End PBXNativeTarget section */

/* Begin PBXProject section */
		9854BF4D1F331203008FA337 /* Project object */ = {
			isa = PBXProject;
			attributes = {
				LastSwiftUpdateCheck = 0830;
				LastUpgradeCheck = 0830;
				ORGANIZATIONNAME = woowabrothers_dain;
				TargetAttributes = {
					9854BF541F331203008FA337 = {
						CreatedOnToolsVersion = 8.3.3;
						DevelopmentTeam = B3PWYBKFUK;
						ProvisioningStyle = Automatic;
					};
					9854BF681F331203008FA337 = {
						CreatedOnToolsVersion = 8.3.3;
						ProvisioningStyle = Automatic;
						TestTargetID = 9854BF541F331203008FA337;
					};
					9854BF731F331203008FA337 = {
						CreatedOnToolsVersion = 8.3.3;
						ProvisioningStyle = Automatic;
						TestTargetID = 9854BF541F331203008FA337;
					};
				};
			};
			buildConfigurationList = 9854BF501F331203008FA337 /* Build configuration list for PBXProject "WoowaHanzo_iOS" */;
			compatibilityVersion = "Xcode 3.2";
			developmentRegion = English;
			hasScannedForEncodings = 0;
			knownRegions = (
				en,
				Base,
			);
			mainGroup = 9854BF4C1F331203008FA337;
			productRefGroup = 9854BF561F331203008FA337 /* Products */;
			projectDirPath = "";
			projectRoot = "";
			targets = (
				9854BF541F331203008FA337 /* WoowaHanzo_iOS */,
				9854BF681F331203008FA337 /* WoowaHanzo_iOSTests */,
				9854BF731F331203008FA337 /* WoowaHanzo_iOSUITests */,
			);
		};
/* End PBXProject section */

/* Begin PBXResourcesBuildPhase section */
		9854BF531F331203008FA337 /* Resources */ = {
			isa = PBXResourcesBuildPhase;
			buildActionMask = 2147483647;
			files = (
				984950F81F331EDB000D1B9A /* Login.storyboard in Resources */,
				9854BF631F331203008FA337 /* LaunchScreen.storyboard in Resources */,
				9854BF601F331203008FA337 /* Assets.xcassets in Resources */,
				9854BF5E1F331203008FA337 /* Main.storyboard in Resources */,
			);
			runOnlyForDeploymentPostprocessing = 0;
		};
		9854BF671F331203008FA337 /* Resources */ = {
			isa = PBXResourcesBuildPhase;
			buildActionMask = 2147483647;
			files = (
			);
			runOnlyForDeploymentPostprocessing = 0;
		};
		9854BF721F331203008FA337 /* Resources */ = {
			isa = PBXResourcesBuildPhase;
			buildActionMask = 2147483647;
			files = (
			);
			runOnlyForDeploymentPostprocessing = 0;
		};
/* End PBXResourcesBuildPhase section */

/* Begin PBXShellScriptBuildPhase section */
		167C42517DE9372803C0150C /* [CP] Embed Pods Frameworks */ = {
			isa = PBXShellScriptBuildPhase;
			buildActionMask = 2147483647;
			files = (
			);
			inputPaths = (
			);
			name = "[CP] Embed Pods Frameworks";
			outputPaths = (
			);
			runOnlyForDeploymentPostprocessing = 0;
			shellPath = /bin/sh;
			shellScript = "\"${SRCROOT}/Pods/Target Support Files/Pods-WoowaHanzo_iOSUITests/Pods-WoowaHanzo_iOSUITests-frameworks.sh\"\n";
			showEnvVarsInLog = 0;
		};
		2B3C0DFA104663D12C22C5B7 /* [CP] Copy Pods Resources */ = {
			isa = PBXShellScriptBuildPhase;
			buildActionMask = 2147483647;
			files = (
			);
			inputPaths = (
			);
			name = "[CP] Copy Pods Resources";
			outputPaths = (
			);
			runOnlyForDeploymentPostprocessing = 0;
			shellPath = /bin/sh;
			shellScript = "\"${SRCROOT}/Pods/Target Support Files/Pods-WoowaHanzo_iOS/Pods-WoowaHanzo_iOS-resources.sh\"\n";
			showEnvVarsInLog = 0;
		};
		85FEF8F40ED3032CF32D6C4C /* [CP] Check Pods Manifest.lock */ = {
			isa = PBXShellScriptBuildPhase;
			buildActionMask = 2147483647;
			files = (
			);
			inputPaths = (
			);
			name = "[CP] Check Pods Manifest.lock";
			outputPaths = (
			);
			runOnlyForDeploymentPostprocessing = 0;
			shellPath = /bin/sh;
			shellScript = "diff \"${PODS_PODFILE_DIR_PATH}/Podfile.lock\" \"${PODS_ROOT}/Manifest.lock\" > /dev/null\nif [ $? != 0 ] ; then\n    # print error to STDERR\n    echo \"error: The sandbox is not in sync with the Podfile.lock. Run 'pod install' or update your CocoaPods installation.\" >&2\n    exit 1\nfi\n";
			showEnvVarsInLog = 0;
		};
		B636084C7CA11700F6DE686F /* [CP] Check Pods Manifest.lock */ = {
			isa = PBXShellScriptBuildPhase;
			buildActionMask = 2147483647;
			files = (
			);
			inputPaths = (
			);
			name = "[CP] Check Pods Manifest.lock";
			outputPaths = (
			);
			runOnlyForDeploymentPostprocessing = 0;
			shellPath = /bin/sh;
			shellScript = "diff \"${PODS_PODFILE_DIR_PATH}/Podfile.lock\" \"${PODS_ROOT}/Manifest.lock\" > /dev/null\nif [ $? != 0 ] ; then\n    # print error to STDERR\n    echo \"error: The sandbox is not in sync with the Podfile.lock. Run 'pod install' or update your CocoaPods installation.\" >&2\n    exit 1\nfi\n";
			showEnvVarsInLog = 0;
		};
		B67F107A0230F8F481249BB8 /* [CP] Embed Pods Frameworks */ = {
			isa = PBXShellScriptBuildPhase;
			buildActionMask = 2147483647;
			files = (
			);
			inputPaths = (
			);
			name = "[CP] Embed Pods Frameworks";
			outputPaths = (
			);
			runOnlyForDeploymentPostprocessing = 0;
			shellPath = /bin/sh;
			shellScript = "\"${SRCROOT}/Pods/Target Support Files/Pods-WoowaHanzo_iOSTests/Pods-WoowaHanzo_iOSTests-frameworks.sh\"\n";
			showEnvVarsInLog = 0;
		};
		CABC8012E44915B3A5BB4DE6 /* [CP] Copy Pods Resources */ = {
			isa = PBXShellScriptBuildPhase;
			buildActionMask = 2147483647;
			files = (
			);
			inputPaths = (
			);
			name = "[CP] Copy Pods Resources";
			outputPaths = (
			);
			runOnlyForDeploymentPostprocessing = 0;
			shellPath = /bin/sh;
			shellScript = "\"${SRCROOT}/Pods/Target Support Files/Pods-WoowaHanzo_iOSUITests/Pods-WoowaHanzo_iOSUITests-resources.sh\"\n";
			showEnvVarsInLog = 0;
		};
		DE3653AAB17F16949CF83993 /* [CP] Check Pods Manifest.lock */ = {
			isa = PBXShellScriptBuildPhase;
			buildActionMask = 2147483647;
			files = (
			);
			inputPaths = (
			);
			name = "[CP] Check Pods Manifest.lock";
			outputPaths = (
			);
			runOnlyForDeploymentPostprocessing = 0;
			shellPath = /bin/sh;
			shellScript = "diff \"${PODS_PODFILE_DIR_PATH}/Podfile.lock\" \"${PODS_ROOT}/Manifest.lock\" > /dev/null\nif [ $? != 0 ] ; then\n    # print error to STDERR\n    echo \"error: The sandbox is not in sync with the Podfile.lock. Run 'pod install' or update your CocoaPods installation.\" >&2\n    exit 1\nfi\n";
			showEnvVarsInLog = 0;
		};
		E7BDE5B05776F6434A00CC13 /* [CP] Embed Pods Frameworks */ = {
			isa = PBXShellScriptBuildPhase;
			buildActionMask = 2147483647;
			files = (
			);
			inputPaths = (
			);
			name = "[CP] Embed Pods Frameworks";
			outputPaths = (
			);
			runOnlyForDeploymentPostprocessing = 0;
			shellPath = /bin/sh;
			shellScript = "\"${SRCROOT}/Pods/Target Support Files/Pods-WoowaHanzo_iOS/Pods-WoowaHanzo_iOS-frameworks.sh\"\n";
			showEnvVarsInLog = 0;
		};
		EEBCDE39CCDBDCEC81D88C87 /* [CP] Copy Pods Resources */ = {
			isa = PBXShellScriptBuildPhase;
			buildActionMask = 2147483647;
			files = (
			);
			inputPaths = (
			);
			name = "[CP] Copy Pods Resources";
			outputPaths = (
			);
			runOnlyForDeploymentPostprocessing = 0;
			shellPath = /bin/sh;
			shellScript = "\"${SRCROOT}/Pods/Target Support Files/Pods-WoowaHanzo_iOSTests/Pods-WoowaHanzo_iOSTests-resources.sh\"\n";
			showEnvVarsInLog = 0;
		};
/* End PBXShellScriptBuildPhase section */

/* Begin PBXSourcesBuildPhase section */
		9854BF511F331203008FA337 /* Sources */ = {
			isa = PBXSourcesBuildPhase;
			buildActionMask = 2147483647;
			files = (
				9854BF5B1F331203008FA337 /* ViewController.swift in Sources */,
				9854BF591F331203008FA337 /* AppDelegate.swift in Sources */,
			);
			runOnlyForDeploymentPostprocessing = 0;
		};
		9854BF651F331203008FA337 /* Sources */ = {
			isa = PBXSourcesBuildPhase;
			buildActionMask = 2147483647;
			files = (
				9854BF6E1F331203008FA337 /* WoowaHanzo_iOSTests.swift in Sources */,
			);
			runOnlyForDeploymentPostprocessing = 0;
		};
		9854BF701F331203008FA337 /* Sources */ = {
			isa = PBXSourcesBuildPhase;
			buildActionMask = 2147483647;
			files = (
				9854BF791F331203008FA337 /* WoowaHanzo_iOSUITests.swift in Sources */,
			);
			runOnlyForDeploymentPostprocessing = 0;
		};
/* End PBXSourcesBuildPhase section */

/* Begin PBXTargetDependency section */
		9854BF6B1F331203008FA337 /* PBXTargetDependency */ = {
			isa = PBXTargetDependency;
			target = 9854BF541F331203008FA337 /* WoowaHanzo_iOS */;
			targetProxy = 9854BF6A1F331203008FA337 /* PBXContainerItemProxy */;
		};
		9854BF761F331203008FA337 /* PBXTargetDependency */ = {
			isa = PBXTargetDependency;
			target = 9854BF541F331203008FA337 /* WoowaHanzo_iOS */;
			targetProxy = 9854BF751F331203008FA337 /* PBXContainerItemProxy */;
		};
/* End PBXTargetDependency section */

/* Begin PBXVariantGroup section */
		9854BF5C1F331203008FA337 /* Main.storyboard */ = {
			isa = PBXVariantGroup;
			children = (
				9854BF5D1F331203008FA337 /* Base */,
			);
			name = Main.storyboard;
			path = WoowaHanzo_iOS;
			sourceTree = "<group>";
		};
		9854BF611F331203008FA337 /* LaunchScreen.storyboard */ = {
			isa = PBXVariantGroup;
			children = (
				9854BF621F331203008FA337 /* Base */,
			);
			name = LaunchScreen.storyboard;
			path = WoowaHanzo_iOS;
			sourceTree = "<group>";
		};
/* End PBXVariantGroup section */

/* Begin XCBuildConfiguration section */
		9854BF7B1F331203008FA337 /* Debug */ = {
			isa = XCBuildConfiguration;
			buildSettings = {
				ALWAYS_SEARCH_USER_PATHS = NO;
				CLANG_ANALYZER_NONNULL = YES;
				CLANG_ANALYZER_NUMBER_OBJECT_CONVERSION = YES_AGGRESSIVE;
				CLANG_CXX_LANGUAGE_STANDARD = "gnu++0x";
				CLANG_CXX_LIBRARY = "libc++";
				CLANG_ENABLE_MODULES = YES;
				CLANG_ENABLE_OBJC_ARC = YES;
				CLANG_WARN_BOOL_CONVERSION = YES;
				CLANG_WARN_CONSTANT_CONVERSION = YES;
				CLANG_WARN_DIRECT_OBJC_ISA_USAGE = YES_ERROR;
				CLANG_WARN_DOCUMENTATION_COMMENTS = YES;
				CLANG_WARN_EMPTY_BODY = YES;
				CLANG_WARN_ENUM_CONVERSION = YES;
				CLANG_WARN_INFINITE_RECURSION = YES;
				CLANG_WARN_INT_CONVERSION = YES;
				CLANG_WARN_OBJC_ROOT_CLASS = YES_ERROR;
				CLANG_WARN_SUSPICIOUS_MOVE = YES;
				CLANG_WARN_UNREACHABLE_CODE = YES;
				CLANG_WARN__DUPLICATE_METHOD_MATCH = YES;
				"CODE_SIGN_IDENTITY[sdk=iphoneos*]" = "iPhone Developer";
				COPY_PHASE_STRIP = NO;
				DEBUG_INFORMATION_FORMAT = dwarf;
				ENABLE_STRICT_OBJC_MSGSEND = YES;
				ENABLE_TESTABILITY = YES;
				GCC_C_LANGUAGE_STANDARD = gnu99;
				GCC_DYNAMIC_NO_PIC = NO;
				GCC_NO_COMMON_BLOCKS = YES;
				GCC_OPTIMIZATION_LEVEL = 0;
				GCC_PREPROCESSOR_DEFINITIONS = (
					"DEBUG=1",
					"$(inherited)",
				);
				GCC_WARN_64_TO_32_BIT_CONVERSION = YES;
				GCC_WARN_ABOUT_RETURN_TYPE = YES_ERROR;
				GCC_WARN_UNDECLARED_SELECTOR = YES;
				GCC_WARN_UNINITIALIZED_AUTOS = YES_AGGRESSIVE;
				GCC_WARN_UNUSED_FUNCTION = YES;
				GCC_WARN_UNUSED_VARIABLE = YES;
				IPHONEOS_DEPLOYMENT_TARGET = 10.3;
				MTL_ENABLE_DEBUG_INFO = YES;
				ONLY_ACTIVE_ARCH = YES;
				SDKROOT = iphoneos;
				SWIFT_ACTIVE_COMPILATION_CONDITIONS = DEBUG;
				SWIFT_OPTIMIZATION_LEVEL = "-Onone";
				TARGETED_DEVICE_FAMILY = "1,2";
			};
			name = Debug;
		};
		9854BF7C1F331203008FA337 /* Release */ = {
			isa = XCBuildConfiguration;
			buildSettings = {
				ALWAYS_SEARCH_USER_PATHS = NO;
				CLANG_ANALYZER_NONNULL = YES;
				CLANG_ANALYZER_NUMBER_OBJECT_CONVERSION = YES_AGGRESSIVE;
				CLANG_CXX_LANGUAGE_STANDARD = "gnu++0x";
				CLANG_CXX_LIBRARY = "libc++";
				CLANG_ENABLE_MODULES = YES;
				CLANG_ENABLE_OBJC_ARC = YES;
				CLANG_WARN_BOOL_CONVERSION = YES;
				CLANG_WARN_CONSTANT_CONVERSION = YES;
				CLANG_WARN_DIRECT_OBJC_ISA_USAGE = YES_ERROR;
				CLANG_WARN_DOCUMENTATION_COMMENTS = YES;
				CLANG_WARN_EMPTY_BODY = YES;
				CLANG_WARN_ENUM_CONVERSION = YES;
				CLANG_WARN_INFINITE_RECURSION = YES;
				CLANG_WARN_INT_CONVERSION = YES;
				CLANG_WARN_OBJC_ROOT_CLASS = YES_ERROR;
				CLANG_WARN_SUSPICIOUS_MOVE = YES;
				CLANG_WARN_UNREACHABLE_CODE = YES;
				CLANG_WARN__DUPLICATE_METHOD_MATCH = YES;
				"CODE_SIGN_IDENTITY[sdk=iphoneos*]" = "iPhone Developer";
				COPY_PHASE_STRIP = NO;
				DEBUG_INFORMATION_FORMAT = "dwarf-with-dsym";
				ENABLE_NS_ASSERTIONS = NO;
				ENABLE_STRICT_OBJC_MSGSEND = YES;
				GCC_C_LANGUAGE_STANDARD = gnu99;
				GCC_NO_COMMON_BLOCKS = YES;
				GCC_WARN_64_TO_32_BIT_CONVERSION = YES;
				GCC_WARN_ABOUT_RETURN_TYPE = YES_ERROR;
				GCC_WARN_UNDECLARED_SELECTOR = YES;
				GCC_WARN_UNINITIALIZED_AUTOS = YES_AGGRESSIVE;
				GCC_WARN_UNUSED_FUNCTION = YES;
				GCC_WARN_UNUSED_VARIABLE = YES;
				IPHONEOS_DEPLOYMENT_TARGET = 10.3;
				MTL_ENABLE_DEBUG_INFO = NO;
				SDKROOT = iphoneos;
				SWIFT_OPTIMIZATION_LEVEL = "-Owholemodule";
				TARGETED_DEVICE_FAMILY = "1,2";
				VALIDATE_PRODUCT = YES;
			};
			name = Release;
		};
		9854BF7E1F331203008FA337 /* Debug */ = {
			isa = XCBuildConfiguration;
			baseConfigurationReference = 0B66C3E68CA7DA50571A6329 /* Pods-WoowaHanzo_iOS.debug.xcconfig */;
			buildSettings = {
				ASSETCATALOG_COMPILER_APPICON_NAME = AppIcon;
				DEVELOPMENT_TEAM = B3PWYBKFUK;
				INFOPLIST_FILE = WoowaHanzo_iOS/Info.plist;
				LD_RUNPATH_SEARCH_PATHS = "$(inherited) @executable_path/Frameworks";
				PRODUCT_BUNDLE_IDENTIFIER = "com.woowahan.WoowaHanzo-iOS";
				PRODUCT_NAME = "$(TARGET_NAME)";
				SWIFT_VERSION = 3.0;
			};
			name = Debug;
		};
		9854BF7F1F331203008FA337 /* Release */ = {
			isa = XCBuildConfiguration;
			baseConfigurationReference = 7B02C04E88C9EF0021B1E2A5 /* Pods-WoowaHanzo_iOS.release.xcconfig */;
			buildSettings = {
				ASSETCATALOG_COMPILER_APPICON_NAME = AppIcon;
				DEVELOPMENT_TEAM = B3PWYBKFUK;
				INFOPLIST_FILE = WoowaHanzo_iOS/Info.plist;
				LD_RUNPATH_SEARCH_PATHS = "$(inherited) @executable_path/Frameworks";
				PRODUCT_BUNDLE_IDENTIFIER = "com.woowahan.WoowaHanzo-iOS";
				PRODUCT_NAME = "$(TARGET_NAME)";
				SWIFT_VERSION = 3.0;
			};
			name = Release;
		};
		9854BF811F331203008FA337 /* Debug */ = {
			isa = XCBuildConfiguration;
			baseConfigurationReference = 29454F81AD25365A8CE872A8 /* Pods-WoowaHanzo_iOSTests.debug.xcconfig */;
			buildSettings = {
				ALWAYS_EMBED_SWIFT_STANDARD_LIBRARIES = YES;
				BUNDLE_LOADER = "$(TEST_HOST)";
				INFOPLIST_FILE = WoowaHanzo_iOSTests/Info.plist;
				LD_RUNPATH_SEARCH_PATHS = "$(inherited) @executable_path/Frameworks @loader_path/Frameworks";
				PRODUCT_BUNDLE_IDENTIFIER = "com.woowahan.WoowaHanzo-iOSTests";
				PRODUCT_NAME = "$(TARGET_NAME)";
				SWIFT_VERSION = 3.0;
				TEST_HOST = "$(BUILT_PRODUCTS_DIR)/WoowaHanzo_iOS.app/WoowaHanzo_iOS";
			};
			name = Debug;
		};
		9854BF821F331203008FA337 /* Release */ = {
			isa = XCBuildConfiguration;
			baseConfigurationReference = 2ADA4EAEB6FEE122623B023E /* Pods-WoowaHanzo_iOSTests.release.xcconfig */;
			buildSettings = {
				ALWAYS_EMBED_SWIFT_STANDARD_LIBRARIES = YES;
				BUNDLE_LOADER = "$(TEST_HOST)";
				INFOPLIST_FILE = WoowaHanzo_iOSTests/Info.plist;
				LD_RUNPATH_SEARCH_PATHS = "$(inherited) @executable_path/Frameworks @loader_path/Frameworks";
				PRODUCT_BUNDLE_IDENTIFIER = "com.woowahan.WoowaHanzo-iOSTests";
				PRODUCT_NAME = "$(TARGET_NAME)";
				SWIFT_VERSION = 3.0;
				TEST_HOST = "$(BUILT_PRODUCTS_DIR)/WoowaHanzo_iOS.app/WoowaHanzo_iOS";
			};
			name = Release;
		};
		9854BF841F331203008FA337 /* Debug */ = {
			isa = XCBuildConfiguration;
			baseConfigurationReference = E459D393C37B726F862674C0 /* Pods-WoowaHanzo_iOSUITests.debug.xcconfig */;
			buildSettings = {
				ALWAYS_EMBED_SWIFT_STANDARD_LIBRARIES = YES;
				INFOPLIST_FILE = WoowaHanzo_iOSUITests/Info.plist;
				LD_RUNPATH_SEARCH_PATHS = "$(inherited) @executable_path/Frameworks @loader_path/Frameworks";
				PRODUCT_BUNDLE_IDENTIFIER = "com.woowahan.WoowaHanzo-iOSUITests";
				PRODUCT_NAME = "$(TARGET_NAME)";
				SWIFT_VERSION = 3.0;
				TEST_TARGET_NAME = WoowaHanzo_iOS;
			};
			name = Debug;
		};
		9854BF851F331203008FA337 /* Release */ = {
			isa = XCBuildConfiguration;
			baseConfigurationReference = 3D458092094D3C53A4EE8E1B /* Pods-WoowaHanzo_iOSUITests.release.xcconfig */;
			buildSettings = {
				ALWAYS_EMBED_SWIFT_STANDARD_LIBRARIES = YES;
				INFOPLIST_FILE = WoowaHanzo_iOSUITests/Info.plist;
				LD_RUNPATH_SEARCH_PATHS = "$(inherited) @executable_path/Frameworks @loader_path/Frameworks";
				PRODUCT_BUNDLE_IDENTIFIER = "com.woowahan.WoowaHanzo-iOSUITests";
				PRODUCT_NAME = "$(TARGET_NAME)";
				SWIFT_VERSION = 3.0;
				TEST_TARGET_NAME = WoowaHanzo_iOS;
			};
			name = Release;
		};
/* End XCBuildConfiguration section */

/* Begin XCConfigurationList section */
		9854BF501F331203008FA337 /* Build configuration list for PBXProject "WoowaHanzo_iOS" */ = {
			isa = XCConfigurationList;
			buildConfigurations = (
				9854BF7B1F331203008FA337 /* Debug */,
				9854BF7C1F331203008FA337 /* Release */,
			);
			defaultConfigurationIsVisible = 0;
			defaultConfigurationName = Release;
		};
		9854BF7D1F331203008FA337 /* Build configuration list for PBXNativeTarget "WoowaHanzo_iOS" */ = {
			isa = XCConfigurationList;
			buildConfigurations = (
				9854BF7E1F331203008FA337 /* Debug */,
				9854BF7F1F331203008FA337 /* Release */,
			);
			defaultConfigurationIsVisible = 0;
			defaultConfigurationName = Release;
		};
		9854BF801F331203008FA337 /* Build configuration list for PBXNativeTarget "WoowaHanzo_iOSTests" */ = {
			isa = XCConfigurationList;
			buildConfigurations = (
				9854BF811F331203008FA337 /* Debug */,
				9854BF821F331203008FA337 /* Release */,
			);
			defaultConfigurationIsVisible = 0;
			defaultConfigurationName = Release;
		};
		9854BF831F331203008FA337 /* Build configuration list for PBXNativeTarget "WoowaHanzo_iOSUITests" */ = {
			isa = XCConfigurationList;
			buildConfigurations = (
				9854BF841F331203008FA337 /* Debug */,
				9854BF851F331203008FA337 /* Release */,
			);
			defaultConfigurationIsVisible = 0;
			defaultConfigurationName = Release;
		};
/* End XCConfigurationList section */
	};
	rootObject = 9854BF4D1F331203008FA337 /* Project object */;
}
